
Microsoft Visual Studio Solution File, Format Version 12.00
# Visual Studio 2013
VisualStudioVersion = 12.0.21005.1
MinimumVisualStudioVersion = 10.0.40219.1
Project("{8BC9CEB8-8B4A-11D0-8D11-00A0C91BC942}") = "Geeks4Geeks", "Geeks4Geeks\Geeks4Geeks.vcxproj", "{9A6FBDB5-5D61-4335-89A8-8978C050D0DE}"
EndProject
Project("{8BC9CEB8-8B4A-11D0-8D11-00A0C91BC942}") = "Document - Graph", "Document - Graph\Document - Graph.vcxproj", "{4E43A2D7-1A4E-48E2-9634-D334A199A716}"
EndProject
Project("{8BC9CEB8-8B4A-11D0-8D11-00A0C91BC942}") = "Document - NP Problem", "Document - NP Problem\Document - NP Problem.vcxproj", "{135B1845-A1DE-47AB-A8EA-5304A53759B2}"
EndProject
Project("{8BC9CEB8-8B4A-11D0-8D11-00A0C91BC942}") = "Quiz - Optimal Strategy for a game", "Quiz - Optimal Strategy for a game\Quiz - Optimal Strategy for a game.vcxproj", "{179F2E34-46C7-4149-ADBB-2116BB80EA34}"
EndProject
Project("{8BC9CEB8-8B4A-11D0-8D11-00A0C91BC942}") = "Quiz - Sort a K sorted array", "Quiz - Sort a K sorted array\Quiz - Sort a K sorted array.vcxproj", "{65F3F9BF-507A-4EFF-979C-F7E02E06EE30}"
EndProject
Project("{8BC9CEB8-8B4A-11D0-8D11-00A0C91BC942}") = "Quiz - Mathematical Expression OOP", "Quiz - Mathematical Expression OOP\Quiz - Mathematical Expression OOP.vcxproj", "{64444E97-BF42-4F17-A9A3-275BDF9D9157}"
EndProject
Global
	GlobalSection(SolutionConfigurationPlatforms) = preSolution
		Debug|Win32 = Debug|Win32
		Release|Win32 = Release|Win32
	EndGlobalSection
	GlobalSection(ProjectConfigurationPlatforms) = postSolution
		{9A6FBDB5-5D61-4335-89A8-8978C050D0DE}.Debug|Win32.ActiveCfg = Debug|Win32
		{9A6FBDB5-5D61-4335-89A8-8978C050D0DE}.Debug|Win32.Build.0 = Debug|Win32
		{9A6FBDB5-5D61-4335-89A8-8978C050D0DE}.Release|Win32.ActiveCfg = Release|Win32
		{9A6FBDB5-5D61-4335-89A8-8978C050D0DE}.Release|Win32.Build.0 = Release|Win32
		{4E43A2D7-1A4E-48E2-9634-D334A199A716}.Debug|Win32.ActiveCfg = Debug|Win32
		{4E43A2D7-1A4E-48E2-9634-D334A199A716}.Debug|Win32.Build.0 = Debug|Win32
		{4E43A2D7-1A4E-48E2-9634-D334A199A716}.Release|Win32.ActiveCfg = Release|Win32
		{4E43A2D7-1A4E-48E2-9634-D334A199A716}.Release|Win32.Build.0 = Release|Win32
		{135B1845-A1DE-47AB-A8EA-5304A53759B2}.Debug|Win32.ActiveCfg = Debug|Win32
		{135B1845-A1DE-47AB-A8EA-5304A53759B2}.Debug|Win32.Build.0 = Debug|Win32
		{135B1845-A1DE-47AB-A8EA-5304A53759B2}.Release|Win32.ActiveCfg = Release|Win32
		{135B1845-A1DE-47AB-A8EA-5304A53759B2}.Release|Win32.Build.0 = Release|Win32
		{179F2E34-46C7-4149-ADBB-2116BB80EA34}.Debug|Win32.ActiveCfg = Debug|Win32
		{179F2E34-46C7-4149-ADBB-2116BB80EA34}.Debug|Win32.Build.0 = Debug|Win32
		{179F2E34-46C7-4149-ADBB-2116BB80EA34}.Release|Win32.ActiveCfg = Release|Win32
		{179F2E34-46C7-4149-ADBB-2116BB80EA34}.Release|Win32.Build.0 = Release|Win32
		{65F3F9BF-507A-4EFF-979C-F7E02E06EE30}.Debug|Win32.ActiveCfg = Debug|Win32
		{65F3F9BF-507A-4EFF-979C-F7E02E06EE30}.Debug|Win32.Build.0 = Debug|Win32
		{65F3F9BF-507A-4EFF-979C-F7E02E06EE30}.Release|Win32.ActiveCfg = Release|Win32
		{65F3F9BF-507A-4EFF-979C-F7E02E06EE30}.Release|Win32.Build.0 = Release|Win32
		{64444E97-BF42-4F17-A9A3-275BDF9D9157}.Debug|Win32.ActiveCfg = Debug|Win32
		{64444E97-BF42-4F17-A9A3-275BDF9D9157}.Debug|Win32.Build.0 = Debug|Win32
		{64444E97-BF42-4F17-A9A3-275BDF9D9157}.Release|Win32.ActiveCfg = Release|Win32
		{64444E97-BF42-4F17-A9A3-275BDF9D9157}.Release|Win32.Build.0 = Release|Win32
	EndGlobalSection
	GlobalSection(SolutionProperties) = preSolution
		HideSolutionNode = FALSE
	EndGlobalSection
EndGlobal
