
Microsoft Visual Studio Solution File, Format Version 12.00
# Visual Studio 2013
VisualStudioVersion = 12.0.21005.1
MinimumVisualStudioVersion = 10.0.40219.1
Project("{8BC9CEB8-8B4A-11D0-8D11-00A0C91BC942}") = "Geeks4Geeks", "Geeks4Geeks\Geeks4Geeks.vcxproj", "{9A6FBDB5-5D61-4335-89A8-8978C050D0DE}"
EndProject
Project("{8BC9CEB8-8B4A-11D0-8D11-00A0C91BC942}") = "Document", "Document - Graph\Document - Graph.vcxproj", "{4E43A2D7-1A4E-48E2-9634-D334A199A716}"
EndProject
Project("{8BC9CEB8-8B4A-11D0-8D11-00A0C91BC942}") = "Quiz - Optimal Strategy for a game", "Quiz - Optimal Strategy for a game\Quiz - Optimal Strategy for a game.vcxproj", "{179F2E34-46C7-4149-ADBB-2116BB80EA34}"
EndProject
Project("{8BC9CEB8-8B4A-11D0-8D11-00A0C91BC942}") = "Quiz - Sort a K sorted array", "Quiz - Sort a K sorted array\Quiz - Sort a K sorted array.vcxproj", "{65F3F9BF-507A-4EFF-979C-F7E02E06EE30}"
EndProject
Project("{8BC9CEB8-8B4A-11D0-8D11-00A0C91BC942}") = "Quiz - Mathematical Expression OOP", "Quiz - Mathematical Expression OOP\Quiz - Mathematical Expression OOP.vcxproj", "{64444E97-BF42-4F17-A9A3-275BDF9D9157}"
EndProject
Project("{8BC9CEB8-8B4A-11D0-8D11-00A0C91BC942}") = "Quiz - Multiple Stacks in a Single Array", "Quiz - Multiple Stacks in a Single Array\Quiz - Multiple Stacks in a Single Array.vcxproj", "{86FE8B42-1184-40A1-834E-E333318BFD9F}"
EndProject
Project("{8BC9CEB8-8B4A-11D0-8D11-00A0C91BC942}") = "Quiz - Rectangle Overlap", "Quiz - Rectangle Overlap\Quiz - Rectangle Overlap.vcxproj", "{6C0E61A5-434F-4397-9207-EC2514731127}"
EndProject
Project("{8BC9CEB8-8B4A-11D0-8D11-00A0C91BC942}") = "Quiz - Least Common Ansestor", "Quiz - Least Common Ansestor\Quiz - Least Common Ansestor.vcxproj", "{6391AC61-ABEC-4837-8366-5778EACBCDA0}"
EndProject
Project("{8BC9CEB8-8B4A-11D0-8D11-00A0C91BC942}") = "Quiz - Find the row with maximum number of 1s", "Quiz - Find the row with maximum number of 1s\Quiz - Find the row with maximum number of 1s.vcxproj", "{BAFFFBE7-DDEF-491D-A958-201AF80EBF10}"
EndProject
Project("{8BC9CEB8-8B4A-11D0-8D11-00A0C91BC942}") = "Quiz - MsExcel Column Pattern", "Quiz - MsExcel Column Pattern\Quiz - MsExcel Column Pattern.vcxproj", "{EFBFE16E-740D-438E-B998-452B4670065D}"
EndProject
Project("{8BC9CEB8-8B4A-11D0-8D11-00A0C91BC942}") = "Quiz - Array Seperation", "Quiz - Array Seperation\Quiz - Array Seperation.vcxproj", "{1C4718B5-146A-4987-9081-F3F195B61211}"
EndProject
Project("{8BC9CEB8-8B4A-11D0-8D11-00A0C91BC942}") = "Quiz - isFactorialDivisible", "Quiz - isFactorialDivisible\Quiz - isFactorialDivisible.vcxproj", "{0C58E886-EF29-4EF5-BC23-10615ACE6F0D}"
EndProject
Project("{8BC9CEB8-8B4A-11D0-8D11-00A0C91BC942}") = "Quiz - next smallest palindrome number", "Quiz - next smallest palindrome number\Quiz - next smallest palindrome number.vcxproj", "{60370CE5-3F84-410C-8F2D-90CDD6C6D898}"
EndProject
Project("{8BC9CEB8-8B4A-11D0-8D11-00A0C91BC942}") = "Quiz - Pair Sum In BST", "Quiz - Pair Sum In BST\Quiz - Pair Sum In BST.vcxproj", "{116B1641-54B7-486C-BF90-360ED0B6DB46}"
EndProject
Project("{8BC9CEB8-8B4A-11D0-8D11-00A0C91BC942}") = "Quiz - Connect Nodes Vertically In Binary Tree", "Quiz - Connect Nodes Vertically In Binary Tree\Quiz - Connect Nodes Vertically In Binary Tree.vcxproj", "{A1576E14-8AD2-4BD5-8CF8-BC3CE7B28E82}"
EndProject
Project("{8BC9CEB8-8B4A-11D0-8D11-00A0C91BC942}") = "Quiz - Array Partition Problem", "Quiz - Array Partition Problem\Quiz - Array Partition Problem.vcxproj", "{9A493312-51C4-411B-8EB9-57B74EC72A7E}"
EndProject
Project("{8BC9CEB8-8B4A-11D0-8D11-00A0C91BC942}") = "Quiz - String Match", "Quiz - String Match\Quiz - String Match.vcxproj", "{8C1A1C79-D9C6-4EDC-B4E3-BE2C718331A1}"
EndProject
Project("{8BC9CEB8-8B4A-11D0-8D11-00A0C91BC942}") = "Quiz - Search SubArray with given Sum", "Quiz - Search SubArray with given Sum\Quiz - Search SubArray with given Sum.vcxproj", "{3575F563-A540-4655-A767-3D2A486A9B4B}"
EndProject
Project("{8BC9CEB8-8B4A-11D0-8D11-00A0C91BC942}") = "Quiz - Matrix Search", "Quiz - Matrix Search\Quiz - Matrix Search.vcxproj", "{599ED81C-AE80-467A-8D16-810D5CA33F6D}"
EndProject
Project("{8BC9CEB8-8B4A-11D0-8D11-00A0C91BC942}") = "Quiz - Longest Repeating SubString", "Quiz - Longest Repeating SubString\Quiz - Longest Repeating SubString.vcxproj", "{BC5077A4-A8E6-4D27-BD7B-5F3C4905825D}"
EndProject
Project("{8BC9CEB8-8B4A-11D0-8D11-00A0C91BC942}") = "Quiz - Amazon Interview Set 72 (Off campus for SDE-1)", "Quiz - Amazon Interview Set 72 (Off campus for SDE-1)\Quiz - Amazon Interview Set 72 (Off campus for SDE-1).vcxproj", "{6B1A7AC2-4DEF-4C31-BE09-D2FA35109ADF}"
EndProject
Global
	GlobalSection(SolutionConfigurationPlatforms) = preSolution
		Debug|Win32 = Debug|Win32
		Release|Win32 = Release|Win32
	EndGlobalSection
	GlobalSection(ProjectConfigurationPlatforms) = postSolution
		{9A6FBDB5-5D61-4335-89A8-8978C050D0DE}.Debug|Win32.ActiveCfg = Debug|Win32
		{9A6FBDB5-5D61-4335-89A8-8978C050D0DE}.Debug|Win32.Build.0 = Debug|Win32
		{9A6FBDB5-5D61-4335-89A8-8978C050D0DE}.Release|Win32.ActiveCfg = Release|Win32
		{9A6FBDB5-5D61-4335-89A8-8978C050D0DE}.Release|Win32.Build.0 = Release|Win32
		{4E43A2D7-1A4E-48E2-9634-D334A199A716}.Debug|Win32.ActiveCfg = Debug|Win32
		{4E43A2D7-1A4E-48E2-9634-D334A199A716}.Debug|Win32.Build.0 = Debug|Win32
		{4E43A2D7-1A4E-48E2-9634-D334A199A716}.Release|Win32.ActiveCfg = Release|Win32
		{4E43A2D7-1A4E-48E2-9634-D334A199A716}.Release|Win32.Build.0 = Release|Win32
		{179F2E34-46C7-4149-ADBB-2116BB80EA34}.Debug|Win32.ActiveCfg = Debug|Win32
		{179F2E34-46C7-4149-ADBB-2116BB80EA34}.Debug|Win32.Build.0 = Debug|Win32
		{179F2E34-46C7-4149-ADBB-2116BB80EA34}.Release|Win32.ActiveCfg = Release|Win32
		{179F2E34-46C7-4149-ADBB-2116BB80EA34}.Release|Win32.Build.0 = Release|Win32
		{65F3F9BF-507A-4EFF-979C-F7E02E06EE30}.Debug|Win32.ActiveCfg = Debug|Win32
		{65F3F9BF-507A-4EFF-979C-F7E02E06EE30}.Debug|Win32.Build.0 = Debug|Win32
		{65F3F9BF-507A-4EFF-979C-F7E02E06EE30}.Release|Win32.ActiveCfg = Release|Win32
		{65F3F9BF-507A-4EFF-979C-F7E02E06EE30}.Release|Win32.Build.0 = Release|Win32
		{64444E97-BF42-4F17-A9A3-275BDF9D9157}.Debug|Win32.ActiveCfg = Debug|Win32
		{64444E97-BF42-4F17-A9A3-275BDF9D9157}.Debug|Win32.Build.0 = Debug|Win32
		{64444E97-BF42-4F17-A9A3-275BDF9D9157}.Release|Win32.ActiveCfg = Release|Win32
		{64444E97-BF42-4F17-A9A3-275BDF9D9157}.Release|Win32.Build.0 = Release|Win32
		{86FE8B42-1184-40A1-834E-E333318BFD9F}.Debug|Win32.ActiveCfg = Debug|Win32
		{86FE8B42-1184-40A1-834E-E333318BFD9F}.Debug|Win32.Build.0 = Debug|Win32
		{86FE8B42-1184-40A1-834E-E333318BFD9F}.Release|Win32.ActiveCfg = Release|Win32
		{86FE8B42-1184-40A1-834E-E333318BFD9F}.Release|Win32.Build.0 = Release|Win32
		{6C0E61A5-434F-4397-9207-EC2514731127}.Debug|Win32.ActiveCfg = Debug|Win32
		{6C0E61A5-434F-4397-9207-EC2514731127}.Debug|Win32.Build.0 = Debug|Win32
		{6C0E61A5-434F-4397-9207-EC2514731127}.Release|Win32.ActiveCfg = Release|Win32
		{6C0E61A5-434F-4397-9207-EC2514731127}.Release|Win32.Build.0 = Release|Win32
		{6391AC61-ABEC-4837-8366-5778EACBCDA0}.Debug|Win32.ActiveCfg = Debug|Win32
		{6391AC61-ABEC-4837-8366-5778EACBCDA0}.Debug|Win32.Build.0 = Debug|Win32
		{6391AC61-ABEC-4837-8366-5778EACBCDA0}.Release|Win32.ActiveCfg = Release|Win32
		{6391AC61-ABEC-4837-8366-5778EACBCDA0}.Release|Win32.Build.0 = Release|Win32
		{BAFFFBE7-DDEF-491D-A958-201AF80EBF10}.Debug|Win32.ActiveCfg = Debug|Win32
		{BAFFFBE7-DDEF-491D-A958-201AF80EBF10}.Debug|Win32.Build.0 = Debug|Win32
		{BAFFFBE7-DDEF-491D-A958-201AF80EBF10}.Release|Win32.ActiveCfg = Release|Win32
		{BAFFFBE7-DDEF-491D-A958-201AF80EBF10}.Release|Win32.Build.0 = Release|Win32
		{EFBFE16E-740D-438E-B998-452B4670065D}.Debug|Win32.ActiveCfg = Debug|Win32
		{EFBFE16E-740D-438E-B998-452B4670065D}.Debug|Win32.Build.0 = Debug|Win32
		{EFBFE16E-740D-438E-B998-452B4670065D}.Release|Win32.ActiveCfg = Release|Win32
		{EFBFE16E-740D-438E-B998-452B4670065D}.Release|Win32.Build.0 = Release|Win32
		{1C4718B5-146A-4987-9081-F3F195B61211}.Debug|Win32.ActiveCfg = Debug|Win32
		{1C4718B5-146A-4987-9081-F3F195B61211}.Debug|Win32.Build.0 = Debug|Win32
		{1C4718B5-146A-4987-9081-F3F195B61211}.Release|Win32.ActiveCfg = Release|Win32
		{1C4718B5-146A-4987-9081-F3F195B61211}.Release|Win32.Build.0 = Release|Win32
		{0C58E886-EF29-4EF5-BC23-10615ACE6F0D}.Debug|Win32.ActiveCfg = Debug|Win32
		{0C58E886-EF29-4EF5-BC23-10615ACE6F0D}.Debug|Win32.Build.0 = Debug|Win32
		{0C58E886-EF29-4EF5-BC23-10615ACE6F0D}.Release|Win32.ActiveCfg = Release|Win32
		{0C58E886-EF29-4EF5-BC23-10615ACE6F0D}.Release|Win32.Build.0 = Release|Win32
		{60370CE5-3F84-410C-8F2D-90CDD6C6D898}.Debug|Win32.ActiveCfg = Debug|Win32
		{60370CE5-3F84-410C-8F2D-90CDD6C6D898}.Debug|Win32.Build.0 = Debug|Win32
		{60370CE5-3F84-410C-8F2D-90CDD6C6D898}.Release|Win32.ActiveCfg = Release|Win32
		{60370CE5-3F84-410C-8F2D-90CDD6C6D898}.Release|Win32.Build.0 = Release|Win32
		{116B1641-54B7-486C-BF90-360ED0B6DB46}.Debug|Win32.ActiveCfg = Debug|Win32
		{116B1641-54B7-486C-BF90-360ED0B6DB46}.Debug|Win32.Build.0 = Debug|Win32
		{116B1641-54B7-486C-BF90-360ED0B6DB46}.Release|Win32.ActiveCfg = Release|Win32
		{116B1641-54B7-486C-BF90-360ED0B6DB46}.Release|Win32.Build.0 = Release|Win32
		{A1576E14-8AD2-4BD5-8CF8-BC3CE7B28E82}.Debug|Win32.ActiveCfg = Debug|Win32
		{A1576E14-8AD2-4BD5-8CF8-BC3CE7B28E82}.Debug|Win32.Build.0 = Debug|Win32
		{A1576E14-8AD2-4BD5-8CF8-BC3CE7B28E82}.Release|Win32.ActiveCfg = Release|Win32
		{A1576E14-8AD2-4BD5-8CF8-BC3CE7B28E82}.Release|Win32.Build.0 = Release|Win32
		{9A493312-51C4-411B-8EB9-57B74EC72A7E}.Debug|Win32.ActiveCfg = Debug|Win32
		{9A493312-51C4-411B-8EB9-57B74EC72A7E}.Debug|Win32.Build.0 = Debug|Win32
		{9A493312-51C4-411B-8EB9-57B74EC72A7E}.Release|Win32.ActiveCfg = Release|Win32
		{9A493312-51C4-411B-8EB9-57B74EC72A7E}.Release|Win32.Build.0 = Release|Win32
		{8C1A1C79-D9C6-4EDC-B4E3-BE2C718331A1}.Debug|Win32.ActiveCfg = Debug|Win32
		{8C1A1C79-D9C6-4EDC-B4E3-BE2C718331A1}.Debug|Win32.Build.0 = Debug|Win32
		{8C1A1C79-D9C6-4EDC-B4E3-BE2C718331A1}.Release|Win32.ActiveCfg = Release|Win32
		{8C1A1C79-D9C6-4EDC-B4E3-BE2C718331A1}.Release|Win32.Build.0 = Release|Win32
		{3575F563-A540-4655-A767-3D2A486A9B4B}.Debug|Win32.ActiveCfg = Debug|Win32
		{3575F563-A540-4655-A767-3D2A486A9B4B}.Debug|Win32.Build.0 = Debug|Win32
		{3575F563-A540-4655-A767-3D2A486A9B4B}.Release|Win32.ActiveCfg = Release|Win32
		{3575F563-A540-4655-A767-3D2A486A9B4B}.Release|Win32.Build.0 = Release|Win32
		{599ED81C-AE80-467A-8D16-810D5CA33F6D}.Debug|Win32.ActiveCfg = Debug|Win32
		{599ED81C-AE80-467A-8D16-810D5CA33F6D}.Debug|Win32.Build.0 = Debug|Win32
		{599ED81C-AE80-467A-8D16-810D5CA33F6D}.Release|Win32.ActiveCfg = Release|Win32
		{599ED81C-AE80-467A-8D16-810D5CA33F6D}.Release|Win32.Build.0 = Release|Win32
		{BC5077A4-A8E6-4D27-BD7B-5F3C4905825D}.Debug|Win32.ActiveCfg = Debug|Win32
		{BC5077A4-A8E6-4D27-BD7B-5F3C4905825D}.Debug|Win32.Build.0 = Debug|Win32
		{BC5077A4-A8E6-4D27-BD7B-5F3C4905825D}.Release|Win32.ActiveCfg = Release|Win32
		{BC5077A4-A8E6-4D27-BD7B-5F3C4905825D}.Release|Win32.Build.0 = Release|Win32
		{6B1A7AC2-4DEF-4C31-BE09-D2FA35109ADF}.Debug|Win32.ActiveCfg = Debug|Win32
		{6B1A7AC2-4DEF-4C31-BE09-D2FA35109ADF}.Debug|Win32.Build.0 = Debug|Win32
		{6B1A7AC2-4DEF-4C31-BE09-D2FA35109ADF}.Release|Win32.ActiveCfg = Release|Win32
		{6B1A7AC2-4DEF-4C31-BE09-D2FA35109ADF}.Release|Win32.Build.0 = Release|Win32
	EndGlobalSection
	GlobalSection(SolutionProperties) = preSolution
		HideSolutionNode = FALSE
	EndGlobalSection
EndGlobal
