
Microsoft Visual Studio Solution File, Format Version 12.00
# Visual Studio 2013
VisualStudioVersion = 12.0.21005.1
MinimumVisualStudioVersion = 10.0.40219.1
Project("{8BC9CEB8-8B4A-11D0-8D11-00A0C91BC942}") = "Geeks4Geeks", "Geeks4Geeks\Geeks4Geeks.vcxproj", "{9A6FBDB5-5D61-4335-89A8-8978C050D0DE}"
EndProject
Project("{8BC9CEB8-8B4A-11D0-8D11-00A0C91BC942}") = "Document", "Document - Graph\Document - Graph.vcxproj", "{4E43A2D7-1A4E-48E2-9634-D334A199A716}"
EndProject
Project("{8BC9CEB8-8B4A-11D0-8D11-00A0C91BC942}") = "Quiz - Optimal Strategy for a game", "Quiz - Optimal Strategy for a game\Quiz - Optimal Strategy for a game.vcxproj", "{179F2E34-46C7-4149-ADBB-2116BB80EA34}"
EndProject
Project("{8BC9CEB8-8B4A-11D0-8D11-00A0C91BC942}") = "Quiz - Sort a K sorted array", "Quiz - Sort a K sorted array\Quiz - Sort a K sorted array.vcxproj", "{65F3F9BF-507A-4EFF-979C-F7E02E06EE30}"
EndProject
Project("{8BC9CEB8-8B4A-11D0-8D11-00A0C91BC942}") = "Quiz - Mathematical Expression OOP", "Quiz - Mathematical Expression OOP\Quiz - Mathematical Expression OOP.vcxproj", "{64444E97-BF42-4F17-A9A3-275BDF9D9157}"
EndProject
Project("{8BC9CEB8-8B4A-11D0-8D11-00A0C91BC942}") = "Quiz - Multiple Stacks in a Single Array", "Quiz - Multiple Stacks in a Single Array\Quiz - Multiple Stacks in a Single Array.vcxproj", "{86FE8B42-1184-40A1-834E-E333318BFD9F}"
EndProject
Project("{8BC9CEB8-8B4A-11D0-8D11-00A0C91BC942}") = "Quiz - Rectangle Overlap", "Quiz - Rectangle Overlap\Quiz - Rectangle Overlap.vcxproj", "{6C0E61A5-434F-4397-9207-EC2514731127}"
EndProject
Project("{8BC9CEB8-8B4A-11D0-8D11-00A0C91BC942}") = "Quiz - Least Common Ansestor", "Quiz - Least Common Ansestor\Quiz - Least Common Ansestor.vcxproj", "{6391AC61-ABEC-4837-8366-5778EACBCDA0}"
EndProject
Project("{8BC9CEB8-8B4A-11D0-8D11-00A0C91BC942}") = "Quiz - Find the row with maximum number of 1s", "Quiz - Find the row with maximum number of 1s\Quiz - Find the row with maximum number of 1s.vcxproj", "{BAFFFBE7-DDEF-491D-A958-201AF80EBF10}"
EndProject
Project("{8BC9CEB8-8B4A-11D0-8D11-00A0C91BC942}") = "Quiz - Array Seperation", "Quiz - Array Seperation\Quiz - Array Seperation.vcxproj", "{1C4718B5-146A-4987-9081-F3F195B61211}"
EndProject
Project("{8BC9CEB8-8B4A-11D0-8D11-00A0C91BC942}") = "Quiz - isFactorialDivisible", "Quiz - isFactorialDivisible\Quiz - isFactorialDivisible.vcxproj", "{0C58E886-EF29-4EF5-BC23-10615ACE6F0D}"
EndProject
Project("{8BC9CEB8-8B4A-11D0-8D11-00A0C91BC942}") = "Quiz - next smallest palindrome number", "Quiz - next smallest palindrome number\Quiz - next smallest palindrome number.vcxproj", "{60370CE5-3F84-410C-8F2D-90CDD6C6D898}"
EndProject
Project("{8BC9CEB8-8B4A-11D0-8D11-00A0C91BC942}") = "Quiz - Pair Sum In BST", "Quiz - Pair Sum In BST\Quiz - Pair Sum In BST.vcxproj", "{116B1641-54B7-486C-BF90-360ED0B6DB46}"
EndProject
Project("{8BC9CEB8-8B4A-11D0-8D11-00A0C91BC942}") = "Quiz - Connect Nodes Vertically In Binary Tree", "Quiz - Connect Nodes Vertically In Binary Tree\Quiz - Connect Nodes Vertically In Binary Tree.vcxproj", "{A1576E14-8AD2-4BD5-8CF8-BC3CE7B28E82}"
EndProject
Project("{8BC9CEB8-8B4A-11D0-8D11-00A0C91BC942}") = "Quiz - Array Partition Problem", "Quiz - Array Partition Problem\Quiz - Array Partition Problem.vcxproj", "{9A493312-51C4-411B-8EB9-57B74EC72A7E}"
EndProject
Project("{8BC9CEB8-8B4A-11D0-8D11-00A0C91BC942}") = "Quiz - String Match", "Quiz - String Match\Quiz - String Match.vcxproj", "{8C1A1C79-D9C6-4EDC-B4E3-BE2C718331A1}"
EndProject
Project("{8BC9CEB8-8B4A-11D0-8D11-00A0C91BC942}") = "Quiz - Search SubArray with given Sum", "Quiz - Search SubArray with given Sum\Quiz - Search SubArray with given Sum.vcxproj", "{3575F563-A540-4655-A767-3D2A486A9B4B}"
EndProject
Project("{8BC9CEB8-8B4A-11D0-8D11-00A0C91BC942}") = "Quiz - Matrix Search", "Quiz - Matrix Search\Quiz - Matrix Search.vcxproj", "{599ED81C-AE80-467A-8D16-810D5CA33F6D}"
EndProject
Project("{8BC9CEB8-8B4A-11D0-8D11-00A0C91BC942}") = "Quiz - Longest Repeating SubString", "Quiz - Longest Repeating SubString\Quiz - Longest Repeating SubString.vcxproj", "{BC5077A4-A8E6-4D27-BD7B-5F3C4905825D}"
EndProject
Project("{8BC9CEB8-8B4A-11D0-8D11-00A0C91BC942}") = "Quiz - Amazon Interview Set 72 (Off campus for SDE-1)", "Quiz - Amazon Interview Set 72 (Off campus for SDE-1)\Quiz - Amazon Interview Set 72 (Off campus for SDE-1).vcxproj", "{6B1A7AC2-4DEF-4C31-BE09-D2FA35109ADF}"
EndProject
Project("{8BC9CEB8-8B4A-11D0-8D11-00A0C91BC942}") = "Quiz - Find 3 Inversed Number", "Quiz - Find 3 Inversed Number\Quiz - Find 3 Inversed Number.vcxproj", "{3B5A4A35-EC66-4520-BBE3-5F5903C06E81}"
EndProject
Project("{8BC9CEB8-8B4A-11D0-8D11-00A0C91BC942}") = "Quiz - A complete ATM OOD", "Quiz - A complete ATM OOD\Quiz - A complete ATM OOD.vcxproj", "{C5CEC26B-F9A1-4310-97BC-DFAA7F6B4AF7}"
EndProject
Project("{8BC9CEB8-8B4A-11D0-8D11-00A0C91BC942}") = "Quiz - Longest Palindrome", "Quiz - Longest Paralindrome\Quiz - Longest Paralindrome.vcxproj", "{2E493DF7-207E-4BFC-85BC-0F76291282D8}"
EndProject
Project("{8BC9CEB8-8B4A-11D0-8D11-00A0C91BC942}") = "Behavior Questions", "Behavior Questions\Behavior Questions.vcxproj", "{3E285A0A-0095-48A7-87BF-B509624A3C0A}"
EndProject
Project("{8BC9CEB8-8B4A-11D0-8D11-00A0C91BC942}") = "Quiz - Array Partial Sorting", "Quiz - Array Partial Sorting\Quiz - Array Partial Sorting.vcxproj", "{F31A2C90-9E22-49C2-ACF7-2AF33542E1C3}"
EndProject
Project("{8BC9CEB8-8B4A-11D0-8D11-00A0C91BC942}") = "CountNumberOfTwos", "CountNumberOfTwos\CountNumberOfTwos.vcxproj", "{0278A352-9BEA-4D0C-AFB9-9D6DB66791B2}"
EndProject
Project("{8BC9CEB8-8B4A-11D0-8D11-00A0C91BC942}") = "Quiz - Maintain Median Value In a stream", "Quiz - Maintain Median Value In a stream\Quiz - Maintain Median Value In a stream.vcxproj", "{24577078-0366-4DD1-9266-371B40D0C11D}"
EndProject
Project("{8BC9CEB8-8B4A-11D0-8D11-00A0C91BC942}") = "Quiz - Quick Sort and Select K largest Numbers", "Quiz - Quick Sort and Select K largest Numbers\Quiz - Quick Sort and Select K largest Numbers.vcxproj", "{3FFFBF82-A738-436A-8682-6087D92AA209}"
EndProject
Project("{8BC9CEB8-8B4A-11D0-8D11-00A0C91BC942}") = "Quiz - Get Minimum Number for Multiply With Only 1 and 0", "Quiz - Get Minimum Number for Multiply With Only 1 and 0\Quiz - Get Minimum Number for Multiply With Only 1 and 0.vcxproj", "{FAC4B8F6-45A0-4327-9304-746B48214589}"
EndProject
Project("{8BC9CEB8-8B4A-11D0-8D11-00A0C91BC942}") = "Quiz - Find Closest Point Pair", "Quiz - Find Closest Point Pair\Quiz - Find Closest Point Pair.vcxproj", "{97B6A6EC-F043-404E-8A47-5B6C29A3CFFE}"
EndProject
Project("{8BC9CEB8-8B4A-11D0-8D11-00A0C91BC942}") = "Quiz - Prune BST out of range", "Quiz - Prune BST out of range\Quiz - Prune BST out of range.vcxproj", "{7B246382-79CA-4AA5-B4AB-74A6D539156D}"
EndProject
Project("{8BC9CEB8-8B4A-11D0-8D11-00A0C91BC942}") = "Quiz - Search Almost Sorted Array", "Quiz - Search Almost Sorted Array\Quiz - Search Almost Sorted Array.vcxproj", "{BDDF0570-3AD4-4F1E-B4BD-AC65033FF486}"
EndProject
Project("{8BC9CEB8-8B4A-11D0-8D11-00A0C91BC942}") = "Quiz - Max Distance in DAG", "Quiz - Max Distance in DAG\Quiz - Max Distance in DAG.vcxproj", "{F4129980-A41F-4353-9834-5E06C7C5C4D4}"
EndProject
Project("{8BC9CEB8-8B4A-11D0-8D11-00A0C91BC942}") = "Quiz - Multiple Stacks", "Quiz - Multiple Stacks\Quiz - Multiple Stacks.vcxproj", "{D1A96D24-C1F0-40F9-8721-972CD84C3DF2}"
EndProject
Project("{8BC9CEB8-8B4A-11D0-8D11-00A0C91BC942}") = "Quiz - Minimum Element in Rotated Array", "Quiz - Minimum Element in Rotated Array\Quiz - Minimum Element in Rotated Array.vcxproj", "{4CAD07E3-0007-49F3-BE46-5A32E7138B62}"
EndProject
Project("{8BC9CEB8-8B4A-11D0-8D11-00A0C91BC942}") = "Quiz - Randomly Select Numbers from Stream", "Quiz - Randomly Select Numbers from Stream\Quiz - Randomly Select Numbers from Stream.vcxproj", "{DB27E220-6B65-4C58-9B22-FF4746109338}"
EndProject
Project("{8BC9CEB8-8B4A-11D0-8D11-00A0C91BC942}") = "Quiz - Lucky Number", "Quiz - Lucky Number\Quiz - Lucky Number.vcxproj", "{96607A86-975D-420E-B4A1-C7D6A561AD4F}"
EndProject
Project("{8BC9CEB8-8B4A-11D0-8D11-00A0C91BC942}") = "Quiz - Find the largest multiple of 3", "Quiz - Find the largest multiple of 3\Quiz - Find the largest multiple of 3.vcxproj", "{CEDCF756-BB0B-49B3-8C00-5B99D8519FA9}"
EndProject
Project("{8BC9CEB8-8B4A-11D0-8D11-00A0C91BC942}") = "Quiz - Radix Sort", "Quiz - Radix Sort\Quiz - Radix Sort.vcxproj", "{26D9DD9B-3D9A-485B-80BF-E3AE68BE3FC3}"
EndProject
Project("{8BC9CEB8-8B4A-11D0-8D11-00A0C91BC942}") = "Quiz - Segment Tree", "Quiz - Segment Tree\Quiz - Segment Tree.vcxproj", "{621D6DE8-32A7-40B8-98BF-044A32BD9A69}"
EndProject
Project("{8BC9CEB8-8B4A-11D0-8D11-00A0C91BC942}") = "Quiz - Maximum of all subarrays of size K", "Quiz - Maximum of all subarrays of size K\Quiz - Maximum of all subarrays of size K.vcxproj", "{8CA86C08-38CD-4DB4-8682-50B6CC8C34A0}"
EndProject
Project("{8BC9CEB8-8B4A-11D0-8D11-00A0C91BC942}") = "Quiz - find the maximum j - i such that arr(j) - arr(i)", "Quiz - find the maximum j - i such that arr(j) - arr(i)\Quiz - find the maximum j - i such that arr(j) - arr(i).vcxproj", "{749D7788-9AC7-42A0-B573-431C1CA6BE1B}"
EndProject
Project("{8BC9CEB8-8B4A-11D0-8D11-00A0C91BC942}") = "Quiz - Equally divide cards", "Quiz - Equally divide cards\Quiz - Equally divide cards.vcxproj", "{CBEDF457-05A6-450E-9DBD-B7B171943CBC}"
EndProject
Project("{8BC9CEB8-8B4A-11D0-8D11-00A0C91BC942}") = "Quiz - Line Segment Overlay", "Quiz - Line Segment Overlay\Quiz - Line Segment Overlay.vcxproj", "{3893A575-418F-4957-8DB9-B2FE132B0ECC}"
EndProject
Project("{8BC9CEB8-8B4A-11D0-8D11-00A0C91BC942}") = "Quiz - Interceptor Missile", "Quiz - Interceptor Missile\Quiz - Interceptor Missile.vcxproj", "{88A80B18-CC27-4587-92FB-8D7FE2206C9E}"
EndProject
Project("{8BC9CEB8-8B4A-11D0-8D11-00A0C91BC942}") = "Facebook -Trie", "Trie\Trie.vcxproj", "{6AC30057-C7BE-413F-957C-33DE14EDAFFA}"
EndProject
Project("{8BC9CEB8-8B4A-11D0-8D11-00A0C91BC942}") = "Facebook - Maximum Leading Scores", "Facebook - Maximum Leading Scores\Facebook - Maximum Leading Scores.vcxproj", "{21525237-2EF2-4458-BE79-C02946EC7414}"
EndProject
Project("{8BC9CEB8-8B4A-11D0-8D11-00A0C91BC942}") = "Quiz - Find nth number in a number system with only 3 and 4", "Quiz - Find nth number in a number system with only 3 and 4\Quiz - Find nth number in a number system with only 3 and 4.vcxproj", "{3FBC9CF0-0B9B-4DE1-AA45-ABA1156BC7B9}"
EndProject
Project("{8BC9CEB8-8B4A-11D0-8D11-00A0C91BC942}") = "Quiz - Minimum Cost Polygon Triangulation", "Quiz - Minimum Cost Polygon Triangulation\Quiz - Minimum Cost Polygon Triangulation.vcxproj", "{8F6E94E0-6697-4373-9259-3FCBAED012FF}"
EndProject
Project("{8BC9CEB8-8B4A-11D0-8D11-00A0C91BC942}") = "Facebook - Remove Comments", "Facebook - Remove Comments\Facebook - Remove Comments.vcxproj", "{0393C99B-BE7F-43CF-8494-55D34906CD46}"
EndProject
Project("{8BC9CEB8-8B4A-11D0-8D11-00A0C91BC942}") = "Facebook - Tree Iterator", "Facebook - Tree Iterator\Facebook - Tree Iterator.vcxproj", "{DE295A2F-2072-4336-8F27-F62464CD9166}"
EndProject
Project("{8BC9CEB8-8B4A-11D0-8D11-00A0C91BC942}") = "Facebook - Sink Zero in Binary Tree", "Facebook - Sink Zero in Binary Tree\Facebook - Sink Zero in Binary Tree.vcxproj", "{F78F3AF8-8BE1-4CED-9615-062A5188DAB8}"
EndProject
Project("{8BC9CEB8-8B4A-11D0-8D11-00A0C91BC942}") = "Common Utility", "Common Utility\Common Utility.vcxproj", "{7004A425-DCBD-460D-AD31-47D0981A011A}"
EndProject
Project("{8BC9CEB8-8B4A-11D0-8D11-00A0C91BC942}") = "Facebook - Random Output Maximum Number in one Array", "Facebook - Random Output Maximum Number in one Array\Facebook - Random Output Maximum Number in one Array.vcxproj", "{C0651E75-DF51-42D6-81AC-8A7B9EDD6EB5}"
EndProject
Project("{8BC9CEB8-8B4A-11D0-8D11-00A0C91BC942}") = "Facebook - Median in distributed servers", "Facebook - Median in distributed servers\Facebook - Median in distributed servers.vcxproj", "{5684F45C-5176-477D-909B-8DF94FF165F5}"
EndProject
Project("{8BC9CEB8-8B4A-11D0-8D11-00A0C91BC942}") = "Facebook - Reverse Each Word", "Facebook - Reverse Each Word\Facebook - Reverse Each Word.vcxproj", "{28C6704B-BE3E-43AB-90FA-19A7A9B754AC}"
EndProject
Project("{8BC9CEB8-8B4A-11D0-8D11-00A0C91BC942}") = "Facebook - Staff Making", "Facebook - Staff Making\Facebook - Staff Making.vcxproj", "{4AC4ABE7-DDF4-444F-B2BA-D5BD9405F91B}"
EndProject
Project("{8BC9CEB8-8B4A-11D0-8D11-00A0C91BC942}") = "Facebook - Parsing Path", "Facebook - Parsing Path\Facebook - Parsing Path.vcxproj", "{7FDF8DF7-EAE6-4942-B618-804E6306824E}"
EndProject
Project("{8BC9CEB8-8B4A-11D0-8D11-00A0C91BC942}") = "Facebook - Multiply Lists", "Facebook - Multiply Lists\Facebook - Multiply Lists.vcxproj", "{ACF54030-0BA9-41FA-A73B-AA696BF5D7C4}"
EndProject
Project("{8BC9CEB8-8B4A-11D0-8D11-00A0C91BC942}") = "Facebook - RPN Generation minimum operations", "Facebook - RPN Generation minimum operations\Facebook - RPN Generation minimum operations.vcxproj", "{9E131793-E7DC-48FA-8EA7-A8727AC23382}"
EndProject
Project("{8BC9CEB8-8B4A-11D0-8D11-00A0C91BC942}") = "Facebook - Rearrange Array", "Facebook - Rearrange Array\Facebook - Rearrange Array.vcxproj", "{33A915DC-1274-4DE8-9E94-3FEE6A413B48}"
EndProject
Project("{8BC9CEB8-8B4A-11D0-8D11-00A0C91BC942}") = "Facebook - Excel to Number", "Facebook - Excel to Number\Facebook - Excel to Number.vcxproj", "{B7ED10F7-35A2-4825-A39C-BA1EB1F812D6}"
EndProject
Project("{8BC9CEB8-8B4A-11D0-8D11-00A0C91BC942}") = "Facebook - Max Component with 1s", "Facebook - Max Component with 1s\Facebook - Max Component with 1s.vcxproj", "{5A9AA1A9-3F3C-40BB-BB74-A95A111F644E}"
EndProject
Project("{8BC9CEB8-8B4A-11D0-8D11-00A0C91BC942}") = "Facebook - Tree Serialization", "Facebook - Tree Serialization\Facebook - Tree Serialization.vcxproj", "{D3A8D8DE-9FF5-4C7B-A5D4-B248F85910CB}"
EndProject
Project("{8BC9CEB8-8B4A-11D0-8D11-00A0C91BC942}") = "Facebook - atof", "Facebook - atof\Facebook - atof.vcxproj", "{CB679C8E-2279-49DF-9648-12AA7B3640F7}"
EndProject
Project("{8BC9CEB8-8B4A-11D0-8D11-00A0C91BC942}") = "Facebook - Search String Anagram", "Facebook - Search String Anagram\Facebook - Search String Anagram.vcxproj", "{224EC630-405E-4BB2-9D3A-89084ADD2064}"
EndProject
Project("{8BC9CEB8-8B4A-11D0-8D11-00A0C91BC942}") = "Facebook - Partition K Groups", "Facebook - Partition K Groups\Facebook - Partition K Groups.vcxproj", "{202E453B-5117-4E1E-AC3A-4AC62E9B35B8}"
EndProject
Project("{8BC9CEB8-8B4A-11D0-8D11-00A0C91BC942}") = "Facebook - Rearrange Array2", "Facebook - Rearrange Array2\Facebook - Rearrange Array2.vcxproj", "{92F6DA72-292F-44D7-9D7A-B43ACD8AA24F}"
EndProject
Project("{8BC9CEB8-8B4A-11D0-8D11-00A0C91BC942}") = "Facebook - Miminum Spanning Tree", "Facebook - Miminum Spanning Tree\Facebook - Miminum Spanning Tree.vcxproj", "{7C126358-644A-40EE-9EA6-CDA1A16CD426}"
EndProject
Project("{8BC9CEB8-8B4A-11D0-8D11-00A0C91BC942}") = "Quiz - Snake And Ladder Board Game", "Quiz - Snake And Ladder Board Game\Quiz - Snake And Ladder Board Game.vcxproj", "{8DBD0B23-A37C-44DF-BD42-5D490BC4D52C}"
EndProject
Project("{8BC9CEB8-8B4A-11D0-8D11-00A0C91BC942}") = "Quiz - Print increasing sequences of length k from n natural numbers", "Quiz - Print increasing sequences of length k from n natural numbers\Quiz - Print increasing sequences of length k from n natural numbers.vcxproj", "{FDD99C42-09AA-4DC2-9C38-8CDBA2DD71DF}"
EndProject
Project("{8BC9CEB8-8B4A-11D0-8D11-00A0C91BC942}") = "Quiz - Print Boundary Nodes of A Tree", "Quiz - Print Boundary Nodes of A Tree\Quiz - Print Boundary Nodes of A Tree.vcxproj", "{934B8D17-B630-4D92-BEEB-DDBB3ABDD93D}"
EndProject
Project("{8BC9CEB8-8B4A-11D0-8D11-00A0C91BC942}") = "Quiz - Distance between Tree Nodes", "Quiz - Distance between Tree Nodes\Quiz - Distance between Tree Nodes.vcxproj", "{C6C4D66E-E9A6-4059-A4B5-EEDBCC29695F}"
EndProject
Project("{8BC9CEB8-8B4A-11D0-8D11-00A0C91BC942}") = "Quiz - Next Increasing Digit Number", "Quiz - Next Increasing Digit Number\Quiz - Next Increasing Digit Number.vcxproj", "{9EFB8715-0D1A-4A34-AACF-CEAE07753047}"
EndProject
Project("{8BC9CEB8-8B4A-11D0-8D11-00A0C91BC942}") = "Quiz - Rotate Matrix by 90 degree clockwise", "Quiz - Rotate Matrix by 90 degree clockwise\Quiz - Rotate Matrix by 90 degree clockwise.vcxproj", "{C1A29D08-CEFF-4288-8BDA-626B262BCAB7}"
EndProject
Project("{8BC9CEB8-8B4A-11D0-8D11-00A0C91BC942}") = "Quiz - Pair Product", "Quiz - Pair Product\Quiz - Pair Product.vcxproj", "{2EC79311-807A-4BB9-B314-BBFAF8428AE2}"
EndProject
Project("{8BC9CEB8-8B4A-11D0-8D11-00A0C91BC942}") = "Quiz - Max Product of Three Elements", "Quiz - Max Product of Three Elements\Quiz - Max Product of Three Elements.vcxproj", "{70FA5EBE-4A8D-4BC0-AD11-DAF6B90876A4}"
EndProject
Project("{8BC9CEB8-8B4A-11D0-8D11-00A0C91BC942}") = "Quiz - Height Of Tree With DLL Leaf", "Quiz - Height Of Tree With DLL Leaf\Quiz - Height Of Tree With DLL Leaf.vcxproj", "{0F9B5C6B-F1CC-4163-9ACD-943CAC8D22A1}"
EndProject
Project("{8BC9CEB8-8B4A-11D0-8D11-00A0C91BC942}") = "Quiz - Minimum number of Information Passsing In Tree", "Quiz - Minimum number of Information Passsing In Tree\Quiz - Minimum number of Information Passsing In Tree.vcxproj", "{BA5A593F-4ADE-4A57-9A56-3EFC9FEE9FD6}"
EndProject
Project("{8BC9CEB8-8B4A-11D0-8D11-00A0C91BC942}") = "Quiz - Print Combinations in lexicographical order", "Quiz - Print Combinations in lexicographical order\Quiz - Print Combinations in lexicographical order.vcxproj", "{542E2EAB-A490-4EF8-A813-356AF7D1B86E}"
EndProject
Project("{8BC9CEB8-8B4A-11D0-8D11-00A0C91BC942}") = "Quiz - Square of Float Number", "Quiz - Square of Float Number\Quiz - Square of Float Number.vcxproj", "{BEBE6FAA-B737-48F9-9D61-338508136E50}"
EndProject
Project("{8BC9CEB8-8B4A-11D0-8D11-00A0C91BC942}") = "Quiz - Search Target in Adjacent 1 Element Array", "Quiz - Search Target in Adjacent 1 Element Array\Quiz - Search Target in Adjacent 1 Element Array.vcxproj", "{07A63187-B4B0-4E3D-87CB-622673060045}"
EndProject
Project("{8BC9CEB8-8B4A-11D0-8D11-00A0C91BC942}") = "Quiz - Find Duplicated Elements in Array with O(n) complexity", "Quiz - Find Duplicated Elements in Array with O(n) complexity\Quiz - Find Duplicated Elements in Array with O(n) complexity.vcxproj", "{838C5B81-7D4D-4855-9EC6-903CA91B43BB}"
EndProject
Project("{8BC9CEB8-8B4A-11D0-8D11-00A0C91BC942}") = "Quiz - Prove that the square of a primer number can be divided by 24", "Quiz - Prove that the square of a primer number can be divided by 24\Quiz - Prove that the square of a primer number can be divided by 24.vcxproj", "{9AA8FF27-AE64-401B-929A-762EA19FA2FF}"
EndProject
Project("{8BC9CEB8-8B4A-11D0-8D11-00A0C91BC942}") = "Quiz - Rehash with Multiple Threads", "Quiz - Rehash with Multiple Threads\Quiz - Rehash with Multiple Threads.vcxproj", "{72D4AE7F-A7F0-45AC-9576-2D6EE7E3509F}"
EndProject
Project("{8BC9CEB8-8B4A-11D0-8D11-00A0C91BC942}") = "Quiz - Find Next Larger Number by swapping adjacent digits", "Quiz - Find Next Larger Number by swapping adjacent digits\Quiz - Find Next Larger Number by swapping adjacent digits.vcxproj", "{5548FFC7-4059-4E2F-9CB8-5CA0F384AF49}"
EndProject
Project("{8BC9CEB8-8B4A-11D0-8D11-00A0C91BC942}") = "Quiz - Longest Increasing Subsequence", "Quiz - Longest Increasing Subsequence\Quiz - Longest Increasing Subsequence.vcxproj", "{32263A25-835F-4BF7-85B7-46D5C1D5EB8D}"
EndProject
Project("{8BC9CEB8-8B4A-11D0-8D11-00A0C91BC942}") = "Quiz - KMP Algorithm", "Quiz - KMP Algorithm\Quiz - KMP Algorithm.vcxproj", "{F34B1607-839C-4D76-B19E-7F2E96FB2C69}"
EndProject
Project("{8BC9CEB8-8B4A-11D0-8D11-00A0C91BC942}") = "Quiz - Calculate Inverse Number", "Quiz - Calculate Inverse Number\Quiz - Calculate Inverse Number.vcxproj", "{2CD01FBB-265D-4751-A6BE-105F5716973D}"
EndProject
Project("{8BC9CEB8-8B4A-11D0-8D11-00A0C91BC942}") = "Quiz - Grouping People", "Quiz - Grouping People\Quiz - Grouping People.vcxproj", "{248D0527-167C-45F2-AF2C-D786C75381DA}"
EndProject
Project("{8BC9CEB8-8B4A-11D0-8D11-00A0C91BC942}") = "Quiz - Egg Dropping Puzzle", "Quiz - Egg Dropping Puzzle\Quiz - Egg Dropping Puzzle.vcxproj", "{C983D5AF-4463-42D9-85CF-E16DDC65B557}"
EndProject
Project("{8BC9CEB8-8B4A-11D0-8D11-00A0C91BC942}") = "Quiz - Shortest path with exactly k edges in a graph", "Quiz - Shortest path with exactly k edges in a graph\Quiz - Shortest path with exactly k edges in a graph.vcxproj", "{E7E178B8-2792-48FC-9BEE-1ED2B00273E8}"
EndProject
Project("{8BC9CEB8-8B4A-11D0-8D11-00A0C91BC942}") = "Quiz - Find if the strings can be chained to form a circle", "Quiz - Find if the strings can be chained to form a circle\Quiz - Find if the strings can be chained to form a circle.vcxproj", "{4371FE81-1446-4B68-93D4-25146C19C6E2}"
EndProject
Project("{8BC9CEB8-8B4A-11D0-8D11-00A0C91BC942}") = "Quiz - Longest Bitonic Subsequence", "Quiz - Longest Bitonic Subsequence\Quiz - Longest Bitonic Subsequence.vcxproj", "{DD48B32F-E5C4-427E-8DF4-D05118DB5BD8}"
EndProject
Project("{8BC9CEB8-8B4A-11D0-8D11-00A0C91BC942}") = "Quiz - Top View of a Tree", "Quiz - Top View of a Tree\Quiz - Top View of a Tree.vcxproj", "{C95525F8-4561-4BDC-BE60-FE5D1F38F165}"
EndProject
Project("{8BC9CEB8-8B4A-11D0-8D11-00A0C91BC942}") = "Quiz - Threaded Binary Tree", "Quiz - Threaded Binary Tree\Quiz - Threaded Binary Tree.vcxproj", "{6D6C1A2D-B418-453D-8E8A-0153A02D128C}"
EndProject
Project("{8BC9CEB8-8B4A-11D0-8D11-00A0C91BC942}") = "Quiz - Binary Tree Upside Down", "Quiz - Binary Tree Upside Down\Quiz - Binary Tree Upside Down.vcxproj", "{10921C1D-12F0-4A3D-808D-381C570A04CE}"
EndProject
Project("{8BC9CEB8-8B4A-11D0-8D11-00A0C91BC942}") = "Quiz - Read N characters with read4 API", "Quiz - Read N characters with read4 API\Quiz - Read N characters with read4 API.vcxproj", "{18B908E4-C15F-4042-9C0C-14ACB6F0E9D6}"
EndProject
Project("{8BC9CEB8-8B4A-11D0-8D11-00A0C91BC942}") = "Quiz - Find Longest Continouse 1 Sequence by replacing one 0", "Quiz - Find Longest Continouse 1 Sequence by replacing one 0\Quiz - Find Longest Continouse 1 Sequence by replacing one 0.vcxproj", "{A949C72A-8EE7-4426-BF01-8EA47E94E42D}"
EndProject
Project("{8BC9CEB8-8B4A-11D0-8D11-00A0C91BC942}") = "Quiz - Maximum Sum List out of two Lists with common nodes", "Quiz - Maximum Sum List out of two Lists with common nodes\Quiz - Maximum Sum List out of two Lists with common nodes.vcxproj", "{624CD1D8-E227-47B1-BD1D-8EDFE32C65C2}"
EndProject
Project("{8BC9CEB8-8B4A-11D0-8D11-00A0C91BC942}") = "Quiz - M Coloring Problem", "Quiz - M Coloring Problem\Quiz - M Coloring Problem.vcxproj", "{3424B9A2-59D9-444E-8C5E-F5B17760E179}"
EndProject
Project("{8BC9CEB8-8B4A-11D0-8D11-00A0C91BC942}") = "Quiz - Lexicographic rank of a string", "Quiz - Lexicographic rank of a string\Quiz - Lexicographic rank of a string.vcxproj", "{E3433F6E-EA6B-4F32-8857-E7987D3CD383}"
EndProject
Project("{8BC9CEB8-8B4A-11D0-8D11-00A0C91BC942}") = "Quiz - Traverling Salesman Problem", "Quiz - Traverling Salesman Problem\Quiz - Traverling Salesman Problem.vcxproj", "{F3E8EFF6-EE66-4512-BA15-7F6E649F9770}"
EndProject
Project("{8BC9CEB8-8B4A-11D0-8D11-00A0C91BC942}") = "Quiz - Ugly Number", "Quiz - Ugly Number\Quiz - Ugly Number.vcxproj", "{1F833876-90D3-4AF0-B1EE-7DC33911322D}"
EndProject
Project("{8BC9CEB8-8B4A-11D0-8D11-00A0C91BC942}") = "Quiz - Arrange given numbers to form the biggest number", "Quiz - Arrange given numbers to form the biggest number\Quiz - Arrange given numbers to form the biggest number.vcxproj", "{807A69B1-87BC-4A46-96A4-34B6B425F274}"
EndProject
Project("{8BC9CEB8-8B4A-11D0-8D11-00A0C91BC942}") = "Quiz - Decimal Number to Alpha Representation", "Quiz - Decimal Number to Alpha Representation\Quiz - Decimal Number to Alpha Representation.vcxproj", "{19DD6400-A3B1-4443-93E9-EC190B9A0922}"
EndProject
Project("{8BC9CEB8-8B4A-11D0-8D11-00A0C91BC942}") = "LinkedIn - Flatten iterator for NestedList", "LinkedIn - Flatten iterator for NestedList\LinkedIn - Flatten iterator for NestedList.vcxproj", "{68C0985E-46CE-4E6E-865F-BBD882CC57F2}"
EndProject
Project("{8BC9CEB8-8B4A-11D0-8D11-00A0C91BC942}") = "Amazon - Split Intervals", "Quiz - Split Intervals\Quiz - Split Intervals.vcxproj", "{0F886DEB-519E-43F8-B720-4F0BA0A8EDA1}"
EndProject
Project("{8BC9CEB8-8B4A-11D0-8D11-00A0C91BC942}") = "Amazon - Binary Search Tree Impl", "Amazon - Binary Search Tree Impl\Amazon - Binary Search Tree Impl.vcxproj", "{FB5126EA-39F8-4E09-A859-E9EEE59E7159}"
EndProject
Project("{8BC9CEB8-8B4A-11D0-8D11-00A0C91BC942}") = "Quiz - Find number of pairs such that xy is larger than yx", "Quiz - Find number of pairs such that xy is larger than yx\Quiz - Find number of pairs such that xy is larger than yx.vcxproj", "{51F814D5-34A1-4ADE-9FAB-967D540F9A90}"
EndProject
Project("{8BC9CEB8-8B4A-11D0-8D11-00A0C91BC942}") = "Quiz - Stable Marriage Problem", "Quiz - Stable Marriage Problem\Quiz - Stable Marriage Problem.vcxproj", "{B5B1D694-ACC9-41EF-B23F-07855F94B99F}"
EndProject
Project("{8BC9CEB8-8B4A-11D0-8D11-00A0C91BC942}") = "Quiz - Tug of War", "Quiz - Tug of War\Quiz - Tug of War.vcxproj", "{5E0CFC08-897A-4C0D-B659-74CAC2383FB3}"
EndProject
Project("{8BC9CEB8-8B4A-11D0-8D11-00A0C91BC942}") = "Amazon - Construct N-ary Tree based on Pre and Post order array", "Amazon - Construct N-ary Tree based on Pre and Post order array\Amazon - Construct N-ary Tree based on Pre and Post order array.vcxproj", "{D0029725-67B9-4426-BE73-3F888A079C85}"
EndProject
Project("{8BC9CEB8-8B4A-11D0-8D11-00A0C91BC942}") = "Amazon - Tennis Tourament", "Amazon - Tennis Tourament\Amazon - Tennis Tourament.vcxproj", "{6AA25729-3AB8-4A6B-87BC-D131A2F8A09A}"
EndProject
Project("{8BC9CEB8-8B4A-11D0-8D11-00A0C91BC942}") = "Quiz - check if an instance of 8 puzzle is solvable", "Quiz - check if an instance of 8 puzzle is solvable\Quiz - check if an instance of 8 puzzle is solvable.vcxproj", "{A29445A5-E8E0-4436-A0B4-CDEA0E36FFB8}"
EndProject
Project("{8BC9CEB8-8B4A-11D0-8D11-00A0C91BC942}") = "Quiz - Biconnected Component in Undirected Graph", "Quiz - Biconnected Component in Undirected Graph\Quiz - Biconnected Component in Undirected Graph.vcxproj", "{72148F01-345F-4550-BBD1-1B48F805F2DC}"
EndProject
Project("{8BC9CEB8-8B4A-11D0-8D11-00A0C91BC942}") = "Amazon - Polite Number", "Amazon - Polite Number\Amazon - Polite Number.vcxproj", "{6762EDC1-A152-41CA-9E12-AE726EFEB688}"
EndProject
Project("{8BC9CEB8-8B4A-11D0-8D11-00A0C91BC942}") = "Quiz - Maximum Ones after flipping a segment in a binary array", "Quiz - Maximum Ones after flipping a segment in a binary array\Quiz - Maximum Ones after flipping a segment in a binary array.vcxproj", "{D51D9673-A3E7-4021-AE66-FE309D1419A3}"
EndProject
Project("{8BC9CEB8-8B4A-11D0-8D11-00A0C91BC942}") = "Linkedin - 100 Game Can I Win", "Linkedin - 100 Game Can I Win\Linkedin - 100 Game Can I Win.vcxproj", "{9F276CBB-7464-4E1A-9ABF-0835A34E207E}"
EndProject
Project("{8BC9CEB8-8B4A-11D0-8D11-00A0C91BC942}") = "Rocket Fuel - Deque Sequences", "Rocket Fuel - Deque Sequences\Rocket Fuel - Deque Sequences.vcxproj", "{71832647-CFAF-4FD4-A14A-A6D33AB2F62F}"
EndProject
Project("{8BC9CEB8-8B4A-11D0-8D11-00A0C91BC942}") = "Amazon - Calculator", "Amazon - Calculator\Amazon - Calculator.vcxproj", "{63A6E3D8-293B-4F19-9472-CBBFB440AA09}"
EndProject
Project("{8BC9CEB8-8B4A-11D0-8D11-00A0C91BC942}") = "Google - Min Distance to Build building for employees", "Google - Min Distance to Build building for employees\Google - Min Distance to Build building for employees.vcxproj", "{1E3F99DB-1A6F-4BC9-8D07-C1126ED4249E}"
EndProject
Project("{8BC9CEB8-8B4A-11D0-8D11-00A0C91BC942}") = "Quiz - Minimum Adjustment Of Array to achieve target adjacent diff", "Quiz - Minimum Adjustment Of Array to achieve target adjacent diff\Quiz - Minimum Adjustment Of Array to achieve target adjacent diff.vcxproj", "{048BFDBF-6DFC-426A-814B-32B4139139E8}"
EndProject
Project("{8BC9CEB8-8B4A-11D0-8D11-00A0C91BC942}") = "Amazon - Rearrange array in alternating positive and negative items", "Amazon - Rearrange array in alternating positive and negative items\Amazon - Rearrange array in alternating positive and negative items.vcxproj", "{D99EB715-D96F-4CA7-A9DA-E12D40A7B7E7}"
EndProject
Project("{8BC9CEB8-8B4A-11D0-8D11-00A0C91BC942}") = "Amazon - Implement malloc", "Amazon - Implement malloc\Amazon - Implement malloc.vcxproj", "{A26D7FED-343A-44F1-96D8-43CEE01F5E2D}"
EndProject
Project("{8BC9CEB8-8B4A-11D0-8D11-00A0C91BC942}") = "Google - How many balanced trees there are with N leaf nodes", "Google - How many balanced trees there are with N leaf nodes\Google - How many balanced trees there are with N leaf nodes.vcxproj", "{22D6D7EE-92DA-4E7E-B42F-B61FC5D745FF}"
EndProject
Project("{8BC9CEB8-8B4A-11D0-8D11-00A0C91BC942}") = "Google - Whether a string can be represented as a repeated sub string", "Google - Whether a string can be represented as a repeated sub string\Google - Whether a string can be represented as a repeated sub string.vcxproj", "{68006AB0-8849-4A4C-B8CE-6A9C2D7B8EF1}"
EndProject
Project("{8BC9CEB8-8B4A-11D0-8D11-00A0C91BC942}") = "Quiz - Range Sum Closest to Zero", "Quiz - Range Sum Closest to Zero\Quiz - Range Sum Closest to Zero.vcxproj", "{CF8FF355-1417-4695-A43D-ECC7C8F830F8}"
EndProject
Project("{8BC9CEB8-8B4A-11D0-8D11-00A0C91BC942}") = "Facebook - Expression Evaluation", "Facebook - Expression Evaluation\Facebook - Expression Evaluation.vcxproj", "{ACD8690B-6BB4-4D61-AF29-4E657A1355C0}"
EndProject
Project("{8BC9CEB8-8B4A-11D0-8D11-00A0C91BC942}") = "Facebook - Nested List Iterator", "Facebook - Nested List Iterator\Facebook - Nested List Iterator.vcxproj", "{EB307A34-9EA8-42AC-89CA-981C84BE4CFB}"
EndProject
Project("{8BC9CEB8-8B4A-11D0-8D11-00A0C91BC942}") = "Facebook - Two Robots Max Profit in Matrix", "Facebook - Two Robots Max Profit in Matrix\Facebook - Two Robots Max Profit in Matrix.vcxproj", "{8A2934C9-BAA2-4638-99CA-4BC43BCF20D6}"
EndProject
Global
	GlobalSection(SolutionConfigurationPlatforms) = preSolution
		Debug|Win32 = Debug|Win32
		Release|Win32 = Release|Win32
	EndGlobalSection
	GlobalSection(ProjectConfigurationPlatforms) = postSolution
		{9A6FBDB5-5D61-4335-89A8-8978C050D0DE}.Debug|Win32.ActiveCfg = Debug|Win32
		{9A6FBDB5-5D61-4335-89A8-8978C050D0DE}.Debug|Win32.Build.0 = Debug|Win32
		{9A6FBDB5-5D61-4335-89A8-8978C050D0DE}.Release|Win32.ActiveCfg = Release|Win32
		{9A6FBDB5-5D61-4335-89A8-8978C050D0DE}.Release|Win32.Build.0 = Release|Win32
		{4E43A2D7-1A4E-48E2-9634-D334A199A716}.Debug|Win32.ActiveCfg = Debug|Win32
		{4E43A2D7-1A4E-48E2-9634-D334A199A716}.Debug|Win32.Build.0 = Debug|Win32
		{4E43A2D7-1A4E-48E2-9634-D334A199A716}.Release|Win32.ActiveCfg = Release|Win32
		{4E43A2D7-1A4E-48E2-9634-D334A199A716}.Release|Win32.Build.0 = Release|Win32
		{179F2E34-46C7-4149-ADBB-2116BB80EA34}.Debug|Win32.ActiveCfg = Debug|Win32
		{179F2E34-46C7-4149-ADBB-2116BB80EA34}.Debug|Win32.Build.0 = Debug|Win32
		{179F2E34-46C7-4149-ADBB-2116BB80EA34}.Release|Win32.ActiveCfg = Release|Win32
		{179F2E34-46C7-4149-ADBB-2116BB80EA34}.Release|Win32.Build.0 = Release|Win32
		{65F3F9BF-507A-4EFF-979C-F7E02E06EE30}.Debug|Win32.ActiveCfg = Debug|Win32
		{65F3F9BF-507A-4EFF-979C-F7E02E06EE30}.Debug|Win32.Build.0 = Debug|Win32
		{65F3F9BF-507A-4EFF-979C-F7E02E06EE30}.Release|Win32.ActiveCfg = Release|Win32
		{65F3F9BF-507A-4EFF-979C-F7E02E06EE30}.Release|Win32.Build.0 = Release|Win32
		{64444E97-BF42-4F17-A9A3-275BDF9D9157}.Debug|Win32.ActiveCfg = Debug|Win32
		{64444E97-BF42-4F17-A9A3-275BDF9D9157}.Debug|Win32.Build.0 = Debug|Win32
		{64444E97-BF42-4F17-A9A3-275BDF9D9157}.Release|Win32.ActiveCfg = Release|Win32
		{64444E97-BF42-4F17-A9A3-275BDF9D9157}.Release|Win32.Build.0 = Release|Win32
		{86FE8B42-1184-40A1-834E-E333318BFD9F}.Debug|Win32.ActiveCfg = Debug|Win32
		{86FE8B42-1184-40A1-834E-E333318BFD9F}.Debug|Win32.Build.0 = Debug|Win32
		{86FE8B42-1184-40A1-834E-E333318BFD9F}.Release|Win32.ActiveCfg = Release|Win32
		{86FE8B42-1184-40A1-834E-E333318BFD9F}.Release|Win32.Build.0 = Release|Win32
		{6C0E61A5-434F-4397-9207-EC2514731127}.Debug|Win32.ActiveCfg = Debug|Win32
		{6C0E61A5-434F-4397-9207-EC2514731127}.Debug|Win32.Build.0 = Debug|Win32
		{6C0E61A5-434F-4397-9207-EC2514731127}.Release|Win32.ActiveCfg = Release|Win32
		{6C0E61A5-434F-4397-9207-EC2514731127}.Release|Win32.Build.0 = Release|Win32
		{6391AC61-ABEC-4837-8366-5778EACBCDA0}.Debug|Win32.ActiveCfg = Debug|Win32
		{6391AC61-ABEC-4837-8366-5778EACBCDA0}.Debug|Win32.Build.0 = Debug|Win32
		{6391AC61-ABEC-4837-8366-5778EACBCDA0}.Release|Win32.ActiveCfg = Release|Win32
		{6391AC61-ABEC-4837-8366-5778EACBCDA0}.Release|Win32.Build.0 = Release|Win32
		{BAFFFBE7-DDEF-491D-A958-201AF80EBF10}.Debug|Win32.ActiveCfg = Debug|Win32
		{BAFFFBE7-DDEF-491D-A958-201AF80EBF10}.Debug|Win32.Build.0 = Debug|Win32
		{BAFFFBE7-DDEF-491D-A958-201AF80EBF10}.Release|Win32.ActiveCfg = Release|Win32
		{BAFFFBE7-DDEF-491D-A958-201AF80EBF10}.Release|Win32.Build.0 = Release|Win32
		{1C4718B5-146A-4987-9081-F3F195B61211}.Debug|Win32.ActiveCfg = Debug|Win32
		{1C4718B5-146A-4987-9081-F3F195B61211}.Debug|Win32.Build.0 = Debug|Win32
		{1C4718B5-146A-4987-9081-F3F195B61211}.Release|Win32.ActiveCfg = Release|Win32
		{1C4718B5-146A-4987-9081-F3F195B61211}.Release|Win32.Build.0 = Release|Win32
		{0C58E886-EF29-4EF5-BC23-10615ACE6F0D}.Debug|Win32.ActiveCfg = Debug|Win32
		{0C58E886-EF29-4EF5-BC23-10615ACE6F0D}.Debug|Win32.Build.0 = Debug|Win32
		{0C58E886-EF29-4EF5-BC23-10615ACE6F0D}.Release|Win32.ActiveCfg = Release|Win32
		{0C58E886-EF29-4EF5-BC23-10615ACE6F0D}.Release|Win32.Build.0 = Release|Win32
		{60370CE5-3F84-410C-8F2D-90CDD6C6D898}.Debug|Win32.ActiveCfg = Debug|Win32
		{60370CE5-3F84-410C-8F2D-90CDD6C6D898}.Debug|Win32.Build.0 = Debug|Win32
		{60370CE5-3F84-410C-8F2D-90CDD6C6D898}.Release|Win32.ActiveCfg = Release|Win32
		{60370CE5-3F84-410C-8F2D-90CDD6C6D898}.Release|Win32.Build.0 = Release|Win32
		{116B1641-54B7-486C-BF90-360ED0B6DB46}.Debug|Win32.ActiveCfg = Debug|Win32
		{116B1641-54B7-486C-BF90-360ED0B6DB46}.Debug|Win32.Build.0 = Debug|Win32
		{116B1641-54B7-486C-BF90-360ED0B6DB46}.Release|Win32.ActiveCfg = Release|Win32
		{116B1641-54B7-486C-BF90-360ED0B6DB46}.Release|Win32.Build.0 = Release|Win32
		{A1576E14-8AD2-4BD5-8CF8-BC3CE7B28E82}.Debug|Win32.ActiveCfg = Debug|Win32
		{A1576E14-8AD2-4BD5-8CF8-BC3CE7B28E82}.Debug|Win32.Build.0 = Debug|Win32
		{A1576E14-8AD2-4BD5-8CF8-BC3CE7B28E82}.Release|Win32.ActiveCfg = Release|Win32
		{A1576E14-8AD2-4BD5-8CF8-BC3CE7B28E82}.Release|Win32.Build.0 = Release|Win32
		{9A493312-51C4-411B-8EB9-57B74EC72A7E}.Debug|Win32.ActiveCfg = Debug|Win32
		{9A493312-51C4-411B-8EB9-57B74EC72A7E}.Debug|Win32.Build.0 = Debug|Win32
		{9A493312-51C4-411B-8EB9-57B74EC72A7E}.Release|Win32.ActiveCfg = Release|Win32
		{9A493312-51C4-411B-8EB9-57B74EC72A7E}.Release|Win32.Build.0 = Release|Win32
		{8C1A1C79-D9C6-4EDC-B4E3-BE2C718331A1}.Debug|Win32.ActiveCfg = Debug|Win32
		{8C1A1C79-D9C6-4EDC-B4E3-BE2C718331A1}.Debug|Win32.Build.0 = Debug|Win32
		{8C1A1C79-D9C6-4EDC-B4E3-BE2C718331A1}.Release|Win32.ActiveCfg = Release|Win32
		{8C1A1C79-D9C6-4EDC-B4E3-BE2C718331A1}.Release|Win32.Build.0 = Release|Win32
		{3575F563-A540-4655-A767-3D2A486A9B4B}.Debug|Win32.ActiveCfg = Debug|Win32
		{3575F563-A540-4655-A767-3D2A486A9B4B}.Debug|Win32.Build.0 = Debug|Win32
		{3575F563-A540-4655-A767-3D2A486A9B4B}.Release|Win32.ActiveCfg = Release|Win32
		{3575F563-A540-4655-A767-3D2A486A9B4B}.Release|Win32.Build.0 = Release|Win32
		{599ED81C-AE80-467A-8D16-810D5CA33F6D}.Debug|Win32.ActiveCfg = Debug|Win32
		{599ED81C-AE80-467A-8D16-810D5CA33F6D}.Debug|Win32.Build.0 = Debug|Win32
		{599ED81C-AE80-467A-8D16-810D5CA33F6D}.Release|Win32.ActiveCfg = Release|Win32
		{599ED81C-AE80-467A-8D16-810D5CA33F6D}.Release|Win32.Build.0 = Release|Win32
		{BC5077A4-A8E6-4D27-BD7B-5F3C4905825D}.Debug|Win32.ActiveCfg = Debug|Win32
		{BC5077A4-A8E6-4D27-BD7B-5F3C4905825D}.Debug|Win32.Build.0 = Debug|Win32
		{BC5077A4-A8E6-4D27-BD7B-5F3C4905825D}.Release|Win32.ActiveCfg = Release|Win32
		{BC5077A4-A8E6-4D27-BD7B-5F3C4905825D}.Release|Win32.Build.0 = Release|Win32
		{6B1A7AC2-4DEF-4C31-BE09-D2FA35109ADF}.Debug|Win32.ActiveCfg = Debug|Win32
		{6B1A7AC2-4DEF-4C31-BE09-D2FA35109ADF}.Debug|Win32.Build.0 = Debug|Win32
		{6B1A7AC2-4DEF-4C31-BE09-D2FA35109ADF}.Release|Win32.ActiveCfg = Release|Win32
		{6B1A7AC2-4DEF-4C31-BE09-D2FA35109ADF}.Release|Win32.Build.0 = Release|Win32
		{3B5A4A35-EC66-4520-BBE3-5F5903C06E81}.Debug|Win32.ActiveCfg = Debug|Win32
		{3B5A4A35-EC66-4520-BBE3-5F5903C06E81}.Debug|Win32.Build.0 = Debug|Win32
		{3B5A4A35-EC66-4520-BBE3-5F5903C06E81}.Release|Win32.ActiveCfg = Release|Win32
		{3B5A4A35-EC66-4520-BBE3-5F5903C06E81}.Release|Win32.Build.0 = Release|Win32
		{C5CEC26B-F9A1-4310-97BC-DFAA7F6B4AF7}.Debug|Win32.ActiveCfg = Debug|Win32
		{C5CEC26B-F9A1-4310-97BC-DFAA7F6B4AF7}.Debug|Win32.Build.0 = Debug|Win32
		{C5CEC26B-F9A1-4310-97BC-DFAA7F6B4AF7}.Release|Win32.ActiveCfg = Release|Win32
		{C5CEC26B-F9A1-4310-97BC-DFAA7F6B4AF7}.Release|Win32.Build.0 = Release|Win32
		{2E493DF7-207E-4BFC-85BC-0F76291282D8}.Debug|Win32.ActiveCfg = Debug|Win32
		{2E493DF7-207E-4BFC-85BC-0F76291282D8}.Debug|Win32.Build.0 = Debug|Win32
		{2E493DF7-207E-4BFC-85BC-0F76291282D8}.Release|Win32.ActiveCfg = Release|Win32
		{2E493DF7-207E-4BFC-85BC-0F76291282D8}.Release|Win32.Build.0 = Release|Win32
		{3E285A0A-0095-48A7-87BF-B509624A3C0A}.Debug|Win32.ActiveCfg = Debug|Win32
		{3E285A0A-0095-48A7-87BF-B509624A3C0A}.Debug|Win32.Build.0 = Debug|Win32
		{3E285A0A-0095-48A7-87BF-B509624A3C0A}.Release|Win32.ActiveCfg = Release|Win32
		{3E285A0A-0095-48A7-87BF-B509624A3C0A}.Release|Win32.Build.0 = Release|Win32
		{F31A2C90-9E22-49C2-ACF7-2AF33542E1C3}.Debug|Win32.ActiveCfg = Debug|Win32
		{F31A2C90-9E22-49C2-ACF7-2AF33542E1C3}.Debug|Win32.Build.0 = Debug|Win32
		{F31A2C90-9E22-49C2-ACF7-2AF33542E1C3}.Release|Win32.ActiveCfg = Release|Win32
		{F31A2C90-9E22-49C2-ACF7-2AF33542E1C3}.Release|Win32.Build.0 = Release|Win32
		{0278A352-9BEA-4D0C-AFB9-9D6DB66791B2}.Debug|Win32.ActiveCfg = Debug|Win32
		{0278A352-9BEA-4D0C-AFB9-9D6DB66791B2}.Debug|Win32.Build.0 = Debug|Win32
		{0278A352-9BEA-4D0C-AFB9-9D6DB66791B2}.Release|Win32.ActiveCfg = Release|Win32
		{0278A352-9BEA-4D0C-AFB9-9D6DB66791B2}.Release|Win32.Build.0 = Release|Win32
		{24577078-0366-4DD1-9266-371B40D0C11D}.Debug|Win32.ActiveCfg = Debug|Win32
		{24577078-0366-4DD1-9266-371B40D0C11D}.Debug|Win32.Build.0 = Debug|Win32
		{24577078-0366-4DD1-9266-371B40D0C11D}.Release|Win32.ActiveCfg = Release|Win32
		{24577078-0366-4DD1-9266-371B40D0C11D}.Release|Win32.Build.0 = Release|Win32
		{3FFFBF82-A738-436A-8682-6087D92AA209}.Debug|Win32.ActiveCfg = Debug|Win32
		{3FFFBF82-A738-436A-8682-6087D92AA209}.Debug|Win32.Build.0 = Debug|Win32
		{3FFFBF82-A738-436A-8682-6087D92AA209}.Release|Win32.ActiveCfg = Release|Win32
		{3FFFBF82-A738-436A-8682-6087D92AA209}.Release|Win32.Build.0 = Release|Win32
		{FAC4B8F6-45A0-4327-9304-746B48214589}.Debug|Win32.ActiveCfg = Debug|Win32
		{FAC4B8F6-45A0-4327-9304-746B48214589}.Debug|Win32.Build.0 = Debug|Win32
		{FAC4B8F6-45A0-4327-9304-746B48214589}.Release|Win32.ActiveCfg = Release|Win32
		{FAC4B8F6-45A0-4327-9304-746B48214589}.Release|Win32.Build.0 = Release|Win32
		{97B6A6EC-F043-404E-8A47-5B6C29A3CFFE}.Debug|Win32.ActiveCfg = Debug|Win32
		{97B6A6EC-F043-404E-8A47-5B6C29A3CFFE}.Debug|Win32.Build.0 = Debug|Win32
		{97B6A6EC-F043-404E-8A47-5B6C29A3CFFE}.Release|Win32.ActiveCfg = Release|Win32
		{97B6A6EC-F043-404E-8A47-5B6C29A3CFFE}.Release|Win32.Build.0 = Release|Win32
		{7B246382-79CA-4AA5-B4AB-74A6D539156D}.Debug|Win32.ActiveCfg = Debug|Win32
		{7B246382-79CA-4AA5-B4AB-74A6D539156D}.Debug|Win32.Build.0 = Debug|Win32
		{7B246382-79CA-4AA5-B4AB-74A6D539156D}.Release|Win32.ActiveCfg = Release|Win32
		{7B246382-79CA-4AA5-B4AB-74A6D539156D}.Release|Win32.Build.0 = Release|Win32
		{BDDF0570-3AD4-4F1E-B4BD-AC65033FF486}.Debug|Win32.ActiveCfg = Debug|Win32
		{BDDF0570-3AD4-4F1E-B4BD-AC65033FF486}.Debug|Win32.Build.0 = Debug|Win32
		{BDDF0570-3AD4-4F1E-B4BD-AC65033FF486}.Release|Win32.ActiveCfg = Release|Win32
		{BDDF0570-3AD4-4F1E-B4BD-AC65033FF486}.Release|Win32.Build.0 = Release|Win32
		{F4129980-A41F-4353-9834-5E06C7C5C4D4}.Debug|Win32.ActiveCfg = Debug|Win32
		{F4129980-A41F-4353-9834-5E06C7C5C4D4}.Debug|Win32.Build.0 = Debug|Win32
		{F4129980-A41F-4353-9834-5E06C7C5C4D4}.Release|Win32.ActiveCfg = Release|Win32
		{F4129980-A41F-4353-9834-5E06C7C5C4D4}.Release|Win32.Build.0 = Release|Win32
		{D1A96D24-C1F0-40F9-8721-972CD84C3DF2}.Debug|Win32.ActiveCfg = Debug|Win32
		{D1A96D24-C1F0-40F9-8721-972CD84C3DF2}.Debug|Win32.Build.0 = Debug|Win32
		{D1A96D24-C1F0-40F9-8721-972CD84C3DF2}.Release|Win32.ActiveCfg = Release|Win32
		{D1A96D24-C1F0-40F9-8721-972CD84C3DF2}.Release|Win32.Build.0 = Release|Win32
		{4CAD07E3-0007-49F3-BE46-5A32E7138B62}.Debug|Win32.ActiveCfg = Debug|Win32
		{4CAD07E3-0007-49F3-BE46-5A32E7138B62}.Debug|Win32.Build.0 = Debug|Win32
		{4CAD07E3-0007-49F3-BE46-5A32E7138B62}.Release|Win32.ActiveCfg = Release|Win32
		{4CAD07E3-0007-49F3-BE46-5A32E7138B62}.Release|Win32.Build.0 = Release|Win32
		{DB27E220-6B65-4C58-9B22-FF4746109338}.Debug|Win32.ActiveCfg = Debug|Win32
		{DB27E220-6B65-4C58-9B22-FF4746109338}.Debug|Win32.Build.0 = Debug|Win32
		{DB27E220-6B65-4C58-9B22-FF4746109338}.Release|Win32.ActiveCfg = Release|Win32
		{DB27E220-6B65-4C58-9B22-FF4746109338}.Release|Win32.Build.0 = Release|Win32
		{96607A86-975D-420E-B4A1-C7D6A561AD4F}.Debug|Win32.ActiveCfg = Debug|Win32
		{96607A86-975D-420E-B4A1-C7D6A561AD4F}.Debug|Win32.Build.0 = Debug|Win32
		{96607A86-975D-420E-B4A1-C7D6A561AD4F}.Release|Win32.ActiveCfg = Release|Win32
		{96607A86-975D-420E-B4A1-C7D6A561AD4F}.Release|Win32.Build.0 = Release|Win32
		{CEDCF756-BB0B-49B3-8C00-5B99D8519FA9}.Debug|Win32.ActiveCfg = Debug|Win32
		{CEDCF756-BB0B-49B3-8C00-5B99D8519FA9}.Debug|Win32.Build.0 = Debug|Win32
		{CEDCF756-BB0B-49B3-8C00-5B99D8519FA9}.Release|Win32.ActiveCfg = Release|Win32
		{CEDCF756-BB0B-49B3-8C00-5B99D8519FA9}.Release|Win32.Build.0 = Release|Win32
		{26D9DD9B-3D9A-485B-80BF-E3AE68BE3FC3}.Debug|Win32.ActiveCfg = Debug|Win32
		{26D9DD9B-3D9A-485B-80BF-E3AE68BE3FC3}.Debug|Win32.Build.0 = Debug|Win32
		{26D9DD9B-3D9A-485B-80BF-E3AE68BE3FC3}.Release|Win32.ActiveCfg = Release|Win32
		{26D9DD9B-3D9A-485B-80BF-E3AE68BE3FC3}.Release|Win32.Build.0 = Release|Win32
		{621D6DE8-32A7-40B8-98BF-044A32BD9A69}.Debug|Win32.ActiveCfg = Debug|Win32
		{621D6DE8-32A7-40B8-98BF-044A32BD9A69}.Debug|Win32.Build.0 = Debug|Win32
		{621D6DE8-32A7-40B8-98BF-044A32BD9A69}.Release|Win32.ActiveCfg = Release|Win32
		{621D6DE8-32A7-40B8-98BF-044A32BD9A69}.Release|Win32.Build.0 = Release|Win32
		{8CA86C08-38CD-4DB4-8682-50B6CC8C34A0}.Debug|Win32.ActiveCfg = Debug|Win32
		{8CA86C08-38CD-4DB4-8682-50B6CC8C34A0}.Debug|Win32.Build.0 = Debug|Win32
		{8CA86C08-38CD-4DB4-8682-50B6CC8C34A0}.Release|Win32.ActiveCfg = Release|Win32
		{8CA86C08-38CD-4DB4-8682-50B6CC8C34A0}.Release|Win32.Build.0 = Release|Win32
		{749D7788-9AC7-42A0-B573-431C1CA6BE1B}.Debug|Win32.ActiveCfg = Debug|Win32
		{749D7788-9AC7-42A0-B573-431C1CA6BE1B}.Debug|Win32.Build.0 = Debug|Win32
		{749D7788-9AC7-42A0-B573-431C1CA6BE1B}.Release|Win32.ActiveCfg = Release|Win32
		{749D7788-9AC7-42A0-B573-431C1CA6BE1B}.Release|Win32.Build.0 = Release|Win32
		{CBEDF457-05A6-450E-9DBD-B7B171943CBC}.Debug|Win32.ActiveCfg = Debug|Win32
		{CBEDF457-05A6-450E-9DBD-B7B171943CBC}.Debug|Win32.Build.0 = Debug|Win32
		{CBEDF457-05A6-450E-9DBD-B7B171943CBC}.Release|Win32.ActiveCfg = Release|Win32
		{CBEDF457-05A6-450E-9DBD-B7B171943CBC}.Release|Win32.Build.0 = Release|Win32
		{3893A575-418F-4957-8DB9-B2FE132B0ECC}.Debug|Win32.ActiveCfg = Debug|Win32
		{3893A575-418F-4957-8DB9-B2FE132B0ECC}.Debug|Win32.Build.0 = Debug|Win32
		{3893A575-418F-4957-8DB9-B2FE132B0ECC}.Release|Win32.ActiveCfg = Release|Win32
		{3893A575-418F-4957-8DB9-B2FE132B0ECC}.Release|Win32.Build.0 = Release|Win32
		{88A80B18-CC27-4587-92FB-8D7FE2206C9E}.Debug|Win32.ActiveCfg = Debug|Win32
		{88A80B18-CC27-4587-92FB-8D7FE2206C9E}.Debug|Win32.Build.0 = Debug|Win32
		{88A80B18-CC27-4587-92FB-8D7FE2206C9E}.Release|Win32.ActiveCfg = Release|Win32
		{88A80B18-CC27-4587-92FB-8D7FE2206C9E}.Release|Win32.Build.0 = Release|Win32
		{6AC30057-C7BE-413F-957C-33DE14EDAFFA}.Debug|Win32.ActiveCfg = Debug|Win32
		{6AC30057-C7BE-413F-957C-33DE14EDAFFA}.Debug|Win32.Build.0 = Debug|Win32
		{6AC30057-C7BE-413F-957C-33DE14EDAFFA}.Release|Win32.ActiveCfg = Release|Win32
		{6AC30057-C7BE-413F-957C-33DE14EDAFFA}.Release|Win32.Build.0 = Release|Win32
		{21525237-2EF2-4458-BE79-C02946EC7414}.Debug|Win32.ActiveCfg = Debug|Win32
		{21525237-2EF2-4458-BE79-C02946EC7414}.Debug|Win32.Build.0 = Debug|Win32
		{21525237-2EF2-4458-BE79-C02946EC7414}.Release|Win32.ActiveCfg = Release|Win32
		{21525237-2EF2-4458-BE79-C02946EC7414}.Release|Win32.Build.0 = Release|Win32
		{3FBC9CF0-0B9B-4DE1-AA45-ABA1156BC7B9}.Debug|Win32.ActiveCfg = Debug|Win32
		{3FBC9CF0-0B9B-4DE1-AA45-ABA1156BC7B9}.Debug|Win32.Build.0 = Debug|Win32
		{3FBC9CF0-0B9B-4DE1-AA45-ABA1156BC7B9}.Release|Win32.ActiveCfg = Release|Win32
		{3FBC9CF0-0B9B-4DE1-AA45-ABA1156BC7B9}.Release|Win32.Build.0 = Release|Win32
		{8F6E94E0-6697-4373-9259-3FCBAED012FF}.Debug|Win32.ActiveCfg = Debug|Win32
		{8F6E94E0-6697-4373-9259-3FCBAED012FF}.Debug|Win32.Build.0 = Debug|Win32
		{8F6E94E0-6697-4373-9259-3FCBAED012FF}.Release|Win32.ActiveCfg = Release|Win32
		{8F6E94E0-6697-4373-9259-3FCBAED012FF}.Release|Win32.Build.0 = Release|Win32
		{0393C99B-BE7F-43CF-8494-55D34906CD46}.Debug|Win32.ActiveCfg = Debug|Win32
		{0393C99B-BE7F-43CF-8494-55D34906CD46}.Debug|Win32.Build.0 = Debug|Win32
		{0393C99B-BE7F-43CF-8494-55D34906CD46}.Release|Win32.ActiveCfg = Release|Win32
		{0393C99B-BE7F-43CF-8494-55D34906CD46}.Release|Win32.Build.0 = Release|Win32
		{DE295A2F-2072-4336-8F27-F62464CD9166}.Debug|Win32.ActiveCfg = Debug|Win32
		{DE295A2F-2072-4336-8F27-F62464CD9166}.Debug|Win32.Build.0 = Debug|Win32
		{DE295A2F-2072-4336-8F27-F62464CD9166}.Release|Win32.ActiveCfg = Release|Win32
		{DE295A2F-2072-4336-8F27-F62464CD9166}.Release|Win32.Build.0 = Release|Win32
		{F78F3AF8-8BE1-4CED-9615-062A5188DAB8}.Debug|Win32.ActiveCfg = Debug|Win32
		{F78F3AF8-8BE1-4CED-9615-062A5188DAB8}.Debug|Win32.Build.0 = Debug|Win32
		{F78F3AF8-8BE1-4CED-9615-062A5188DAB8}.Release|Win32.ActiveCfg = Release|Win32
		{F78F3AF8-8BE1-4CED-9615-062A5188DAB8}.Release|Win32.Build.0 = Release|Win32
		{7004A425-DCBD-460D-AD31-47D0981A011A}.Debug|Win32.ActiveCfg = Debug|Win32
		{7004A425-DCBD-460D-AD31-47D0981A011A}.Debug|Win32.Build.0 = Debug|Win32
		{7004A425-DCBD-460D-AD31-47D0981A011A}.Release|Win32.ActiveCfg = Release|Win32
		{7004A425-DCBD-460D-AD31-47D0981A011A}.Release|Win32.Build.0 = Release|Win32
		{C0651E75-DF51-42D6-81AC-8A7B9EDD6EB5}.Debug|Win32.ActiveCfg = Debug|Win32
		{C0651E75-DF51-42D6-81AC-8A7B9EDD6EB5}.Debug|Win32.Build.0 = Debug|Win32
		{C0651E75-DF51-42D6-81AC-8A7B9EDD6EB5}.Release|Win32.ActiveCfg = Release|Win32
		{C0651E75-DF51-42D6-81AC-8A7B9EDD6EB5}.Release|Win32.Build.0 = Release|Win32
		{5684F45C-5176-477D-909B-8DF94FF165F5}.Debug|Win32.ActiveCfg = Debug|Win32
		{5684F45C-5176-477D-909B-8DF94FF165F5}.Debug|Win32.Build.0 = Debug|Win32
		{5684F45C-5176-477D-909B-8DF94FF165F5}.Release|Win32.ActiveCfg = Release|Win32
		{5684F45C-5176-477D-909B-8DF94FF165F5}.Release|Win32.Build.0 = Release|Win32
		{28C6704B-BE3E-43AB-90FA-19A7A9B754AC}.Debug|Win32.ActiveCfg = Debug|Win32
		{28C6704B-BE3E-43AB-90FA-19A7A9B754AC}.Debug|Win32.Build.0 = Debug|Win32
		{28C6704B-BE3E-43AB-90FA-19A7A9B754AC}.Release|Win32.ActiveCfg = Release|Win32
		{28C6704B-BE3E-43AB-90FA-19A7A9B754AC}.Release|Win32.Build.0 = Release|Win32
		{4AC4ABE7-DDF4-444F-B2BA-D5BD9405F91B}.Debug|Win32.ActiveCfg = Debug|Win32
		{4AC4ABE7-DDF4-444F-B2BA-D5BD9405F91B}.Debug|Win32.Build.0 = Debug|Win32
		{4AC4ABE7-DDF4-444F-B2BA-D5BD9405F91B}.Release|Win32.ActiveCfg = Release|Win32
		{4AC4ABE7-DDF4-444F-B2BA-D5BD9405F91B}.Release|Win32.Build.0 = Release|Win32
		{7FDF8DF7-EAE6-4942-B618-804E6306824E}.Debug|Win32.ActiveCfg = Debug|Win32
		{7FDF8DF7-EAE6-4942-B618-804E6306824E}.Debug|Win32.Build.0 = Debug|Win32
		{7FDF8DF7-EAE6-4942-B618-804E6306824E}.Release|Win32.ActiveCfg = Release|Win32
		{7FDF8DF7-EAE6-4942-B618-804E6306824E}.Release|Win32.Build.0 = Release|Win32
		{ACF54030-0BA9-41FA-A73B-AA696BF5D7C4}.Debug|Win32.ActiveCfg = Debug|Win32
		{ACF54030-0BA9-41FA-A73B-AA696BF5D7C4}.Debug|Win32.Build.0 = Debug|Win32
		{ACF54030-0BA9-41FA-A73B-AA696BF5D7C4}.Release|Win32.ActiveCfg = Release|Win32
		{ACF54030-0BA9-41FA-A73B-AA696BF5D7C4}.Release|Win32.Build.0 = Release|Win32
		{9E131793-E7DC-48FA-8EA7-A8727AC23382}.Debug|Win32.ActiveCfg = Debug|Win32
		{9E131793-E7DC-48FA-8EA7-A8727AC23382}.Debug|Win32.Build.0 = Debug|Win32
		{9E131793-E7DC-48FA-8EA7-A8727AC23382}.Release|Win32.ActiveCfg = Release|Win32
		{9E131793-E7DC-48FA-8EA7-A8727AC23382}.Release|Win32.Build.0 = Release|Win32
		{33A915DC-1274-4DE8-9E94-3FEE6A413B48}.Debug|Win32.ActiveCfg = Debug|Win32
		{33A915DC-1274-4DE8-9E94-3FEE6A413B48}.Debug|Win32.Build.0 = Debug|Win32
		{33A915DC-1274-4DE8-9E94-3FEE6A413B48}.Release|Win32.ActiveCfg = Release|Win32
		{33A915DC-1274-4DE8-9E94-3FEE6A413B48}.Release|Win32.Build.0 = Release|Win32
		{B7ED10F7-35A2-4825-A39C-BA1EB1F812D6}.Debug|Win32.ActiveCfg = Debug|Win32
		{B7ED10F7-35A2-4825-A39C-BA1EB1F812D6}.Debug|Win32.Build.0 = Debug|Win32
		{B7ED10F7-35A2-4825-A39C-BA1EB1F812D6}.Release|Win32.ActiveCfg = Release|Win32
		{B7ED10F7-35A2-4825-A39C-BA1EB1F812D6}.Release|Win32.Build.0 = Release|Win32
		{5A9AA1A9-3F3C-40BB-BB74-A95A111F644E}.Debug|Win32.ActiveCfg = Debug|Win32
		{5A9AA1A9-3F3C-40BB-BB74-A95A111F644E}.Debug|Win32.Build.0 = Debug|Win32
		{5A9AA1A9-3F3C-40BB-BB74-A95A111F644E}.Release|Win32.ActiveCfg = Release|Win32
		{5A9AA1A9-3F3C-40BB-BB74-A95A111F644E}.Release|Win32.Build.0 = Release|Win32
		{D3A8D8DE-9FF5-4C7B-A5D4-B248F85910CB}.Debug|Win32.ActiveCfg = Debug|Win32
		{D3A8D8DE-9FF5-4C7B-A5D4-B248F85910CB}.Debug|Win32.Build.0 = Debug|Win32
		{D3A8D8DE-9FF5-4C7B-A5D4-B248F85910CB}.Release|Win32.ActiveCfg = Release|Win32
		{D3A8D8DE-9FF5-4C7B-A5D4-B248F85910CB}.Release|Win32.Build.0 = Release|Win32
		{CB679C8E-2279-49DF-9648-12AA7B3640F7}.Debug|Win32.ActiveCfg = Debug|Win32
		{CB679C8E-2279-49DF-9648-12AA7B3640F7}.Debug|Win32.Build.0 = Debug|Win32
		{CB679C8E-2279-49DF-9648-12AA7B3640F7}.Release|Win32.ActiveCfg = Release|Win32
		{CB679C8E-2279-49DF-9648-12AA7B3640F7}.Release|Win32.Build.0 = Release|Win32
		{224EC630-405E-4BB2-9D3A-89084ADD2064}.Debug|Win32.ActiveCfg = Debug|Win32
		{224EC630-405E-4BB2-9D3A-89084ADD2064}.Debug|Win32.Build.0 = Debug|Win32
		{224EC630-405E-4BB2-9D3A-89084ADD2064}.Release|Win32.ActiveCfg = Release|Win32
		{224EC630-405E-4BB2-9D3A-89084ADD2064}.Release|Win32.Build.0 = Release|Win32
		{202E453B-5117-4E1E-AC3A-4AC62E9B35B8}.Debug|Win32.ActiveCfg = Debug|Win32
		{202E453B-5117-4E1E-AC3A-4AC62E9B35B8}.Debug|Win32.Build.0 = Debug|Win32
		{202E453B-5117-4E1E-AC3A-4AC62E9B35B8}.Release|Win32.ActiveCfg = Release|Win32
		{202E453B-5117-4E1E-AC3A-4AC62E9B35B8}.Release|Win32.Build.0 = Release|Win32
		{92F6DA72-292F-44D7-9D7A-B43ACD8AA24F}.Debug|Win32.ActiveCfg = Debug|Win32
		{92F6DA72-292F-44D7-9D7A-B43ACD8AA24F}.Debug|Win32.Build.0 = Debug|Win32
		{92F6DA72-292F-44D7-9D7A-B43ACD8AA24F}.Release|Win32.ActiveCfg = Release|Win32
		{92F6DA72-292F-44D7-9D7A-B43ACD8AA24F}.Release|Win32.Build.0 = Release|Win32
		{7C126358-644A-40EE-9EA6-CDA1A16CD426}.Debug|Win32.ActiveCfg = Debug|Win32
		{7C126358-644A-40EE-9EA6-CDA1A16CD426}.Debug|Win32.Build.0 = Debug|Win32
		{7C126358-644A-40EE-9EA6-CDA1A16CD426}.Release|Win32.ActiveCfg = Release|Win32
		{7C126358-644A-40EE-9EA6-CDA1A16CD426}.Release|Win32.Build.0 = Release|Win32
		{8DBD0B23-A37C-44DF-BD42-5D490BC4D52C}.Debug|Win32.ActiveCfg = Debug|Win32
		{8DBD0B23-A37C-44DF-BD42-5D490BC4D52C}.Debug|Win32.Build.0 = Debug|Win32
		{8DBD0B23-A37C-44DF-BD42-5D490BC4D52C}.Release|Win32.ActiveCfg = Release|Win32
		{8DBD0B23-A37C-44DF-BD42-5D490BC4D52C}.Release|Win32.Build.0 = Release|Win32
		{FDD99C42-09AA-4DC2-9C38-8CDBA2DD71DF}.Debug|Win32.ActiveCfg = Debug|Win32
		{FDD99C42-09AA-4DC2-9C38-8CDBA2DD71DF}.Debug|Win32.Build.0 = Debug|Win32
		{FDD99C42-09AA-4DC2-9C38-8CDBA2DD71DF}.Release|Win32.ActiveCfg = Release|Win32
		{FDD99C42-09AA-4DC2-9C38-8CDBA2DD71DF}.Release|Win32.Build.0 = Release|Win32
		{934B8D17-B630-4D92-BEEB-DDBB3ABDD93D}.Debug|Win32.ActiveCfg = Debug|Win32
		{934B8D17-B630-4D92-BEEB-DDBB3ABDD93D}.Debug|Win32.Build.0 = Debug|Win32
		{934B8D17-B630-4D92-BEEB-DDBB3ABDD93D}.Release|Win32.ActiveCfg = Release|Win32
		{934B8D17-B630-4D92-BEEB-DDBB3ABDD93D}.Release|Win32.Build.0 = Release|Win32
		{C6C4D66E-E9A6-4059-A4B5-EEDBCC29695F}.Debug|Win32.ActiveCfg = Debug|Win32
		{C6C4D66E-E9A6-4059-A4B5-EEDBCC29695F}.Debug|Win32.Build.0 = Debug|Win32
		{C6C4D66E-E9A6-4059-A4B5-EEDBCC29695F}.Release|Win32.ActiveCfg = Release|Win32
		{C6C4D66E-E9A6-4059-A4B5-EEDBCC29695F}.Release|Win32.Build.0 = Release|Win32
		{9EFB8715-0D1A-4A34-AACF-CEAE07753047}.Debug|Win32.ActiveCfg = Debug|Win32
		{9EFB8715-0D1A-4A34-AACF-CEAE07753047}.Debug|Win32.Build.0 = Debug|Win32
		{9EFB8715-0D1A-4A34-AACF-CEAE07753047}.Release|Win32.ActiveCfg = Release|Win32
		{9EFB8715-0D1A-4A34-AACF-CEAE07753047}.Release|Win32.Build.0 = Release|Win32
		{C1A29D08-CEFF-4288-8BDA-626B262BCAB7}.Debug|Win32.ActiveCfg = Debug|Win32
		{C1A29D08-CEFF-4288-8BDA-626B262BCAB7}.Debug|Win32.Build.0 = Debug|Win32
		{C1A29D08-CEFF-4288-8BDA-626B262BCAB7}.Release|Win32.ActiveCfg = Release|Win32
		{C1A29D08-CEFF-4288-8BDA-626B262BCAB7}.Release|Win32.Build.0 = Release|Win32
		{2EC79311-807A-4BB9-B314-BBFAF8428AE2}.Debug|Win32.ActiveCfg = Debug|Win32
		{2EC79311-807A-4BB9-B314-BBFAF8428AE2}.Debug|Win32.Build.0 = Debug|Win32
		{2EC79311-807A-4BB9-B314-BBFAF8428AE2}.Release|Win32.ActiveCfg = Release|Win32
		{2EC79311-807A-4BB9-B314-BBFAF8428AE2}.Release|Win32.Build.0 = Release|Win32
		{70FA5EBE-4A8D-4BC0-AD11-DAF6B90876A4}.Debug|Win32.ActiveCfg = Debug|Win32
		{70FA5EBE-4A8D-4BC0-AD11-DAF6B90876A4}.Debug|Win32.Build.0 = Debug|Win32
		{70FA5EBE-4A8D-4BC0-AD11-DAF6B90876A4}.Release|Win32.ActiveCfg = Release|Win32
		{70FA5EBE-4A8D-4BC0-AD11-DAF6B90876A4}.Release|Win32.Build.0 = Release|Win32
		{0F9B5C6B-F1CC-4163-9ACD-943CAC8D22A1}.Debug|Win32.ActiveCfg = Debug|Win32
		{0F9B5C6B-F1CC-4163-9ACD-943CAC8D22A1}.Debug|Win32.Build.0 = Debug|Win32
		{0F9B5C6B-F1CC-4163-9ACD-943CAC8D22A1}.Release|Win32.ActiveCfg = Release|Win32
		{0F9B5C6B-F1CC-4163-9ACD-943CAC8D22A1}.Release|Win32.Build.0 = Release|Win32
		{BA5A593F-4ADE-4A57-9A56-3EFC9FEE9FD6}.Debug|Win32.ActiveCfg = Debug|Win32
		{BA5A593F-4ADE-4A57-9A56-3EFC9FEE9FD6}.Debug|Win32.Build.0 = Debug|Win32
		{BA5A593F-4ADE-4A57-9A56-3EFC9FEE9FD6}.Release|Win32.ActiveCfg = Release|Win32
		{BA5A593F-4ADE-4A57-9A56-3EFC9FEE9FD6}.Release|Win32.Build.0 = Release|Win32
		{542E2EAB-A490-4EF8-A813-356AF7D1B86E}.Debug|Win32.ActiveCfg = Debug|Win32
		{542E2EAB-A490-4EF8-A813-356AF7D1B86E}.Debug|Win32.Build.0 = Debug|Win32
		{542E2EAB-A490-4EF8-A813-356AF7D1B86E}.Release|Win32.ActiveCfg = Release|Win32
		{542E2EAB-A490-4EF8-A813-356AF7D1B86E}.Release|Win32.Build.0 = Release|Win32
		{BEBE6FAA-B737-48F9-9D61-338508136E50}.Debug|Win32.ActiveCfg = Debug|Win32
		{BEBE6FAA-B737-48F9-9D61-338508136E50}.Debug|Win32.Build.0 = Debug|Win32
		{BEBE6FAA-B737-48F9-9D61-338508136E50}.Release|Win32.ActiveCfg = Release|Win32
		{BEBE6FAA-B737-48F9-9D61-338508136E50}.Release|Win32.Build.0 = Release|Win32
		{07A63187-B4B0-4E3D-87CB-622673060045}.Debug|Win32.ActiveCfg = Debug|Win32
		{07A63187-B4B0-4E3D-87CB-622673060045}.Debug|Win32.Build.0 = Debug|Win32
		{07A63187-B4B0-4E3D-87CB-622673060045}.Release|Win32.ActiveCfg = Release|Win32
		{07A63187-B4B0-4E3D-87CB-622673060045}.Release|Win32.Build.0 = Release|Win32
		{838C5B81-7D4D-4855-9EC6-903CA91B43BB}.Debug|Win32.ActiveCfg = Debug|Win32
		{838C5B81-7D4D-4855-9EC6-903CA91B43BB}.Debug|Win32.Build.0 = Debug|Win32
		{838C5B81-7D4D-4855-9EC6-903CA91B43BB}.Release|Win32.ActiveCfg = Release|Win32
		{838C5B81-7D4D-4855-9EC6-903CA91B43BB}.Release|Win32.Build.0 = Release|Win32
		{9AA8FF27-AE64-401B-929A-762EA19FA2FF}.Debug|Win32.ActiveCfg = Debug|Win32
		{9AA8FF27-AE64-401B-929A-762EA19FA2FF}.Debug|Win32.Build.0 = Debug|Win32
		{9AA8FF27-AE64-401B-929A-762EA19FA2FF}.Release|Win32.ActiveCfg = Release|Win32
		{9AA8FF27-AE64-401B-929A-762EA19FA2FF}.Release|Win32.Build.0 = Release|Win32
		{72D4AE7F-A7F0-45AC-9576-2D6EE7E3509F}.Debug|Win32.ActiveCfg = Debug|Win32
		{72D4AE7F-A7F0-45AC-9576-2D6EE7E3509F}.Debug|Win32.Build.0 = Debug|Win32
		{72D4AE7F-A7F0-45AC-9576-2D6EE7E3509F}.Release|Win32.ActiveCfg = Release|Win32
		{72D4AE7F-A7F0-45AC-9576-2D6EE7E3509F}.Release|Win32.Build.0 = Release|Win32
		{5548FFC7-4059-4E2F-9CB8-5CA0F384AF49}.Debug|Win32.ActiveCfg = Debug|Win32
		{5548FFC7-4059-4E2F-9CB8-5CA0F384AF49}.Debug|Win32.Build.0 = Debug|Win32
		{5548FFC7-4059-4E2F-9CB8-5CA0F384AF49}.Release|Win32.ActiveCfg = Release|Win32
		{5548FFC7-4059-4E2F-9CB8-5CA0F384AF49}.Release|Win32.Build.0 = Release|Win32
		{32263A25-835F-4BF7-85B7-46D5C1D5EB8D}.Debug|Win32.ActiveCfg = Debug|Win32
		{32263A25-835F-4BF7-85B7-46D5C1D5EB8D}.Debug|Win32.Build.0 = Debug|Win32
		{32263A25-835F-4BF7-85B7-46D5C1D5EB8D}.Release|Win32.ActiveCfg = Release|Win32
		{32263A25-835F-4BF7-85B7-46D5C1D5EB8D}.Release|Win32.Build.0 = Release|Win32
		{F34B1607-839C-4D76-B19E-7F2E96FB2C69}.Debug|Win32.ActiveCfg = Debug|Win32
		{F34B1607-839C-4D76-B19E-7F2E96FB2C69}.Debug|Win32.Build.0 = Debug|Win32
		{F34B1607-839C-4D76-B19E-7F2E96FB2C69}.Release|Win32.ActiveCfg = Release|Win32
		{F34B1607-839C-4D76-B19E-7F2E96FB2C69}.Release|Win32.Build.0 = Release|Win32
		{2CD01FBB-265D-4751-A6BE-105F5716973D}.Debug|Win32.ActiveCfg = Debug|Win32
		{2CD01FBB-265D-4751-A6BE-105F5716973D}.Debug|Win32.Build.0 = Debug|Win32
		{2CD01FBB-265D-4751-A6BE-105F5716973D}.Release|Win32.ActiveCfg = Release|Win32
		{2CD01FBB-265D-4751-A6BE-105F5716973D}.Release|Win32.Build.0 = Release|Win32
		{248D0527-167C-45F2-AF2C-D786C75381DA}.Debug|Win32.ActiveCfg = Debug|Win32
		{248D0527-167C-45F2-AF2C-D786C75381DA}.Debug|Win32.Build.0 = Debug|Win32
		{248D0527-167C-45F2-AF2C-D786C75381DA}.Release|Win32.ActiveCfg = Release|Win32
		{248D0527-167C-45F2-AF2C-D786C75381DA}.Release|Win32.Build.0 = Release|Win32
		{C983D5AF-4463-42D9-85CF-E16DDC65B557}.Debug|Win32.ActiveCfg = Debug|Win32
		{C983D5AF-4463-42D9-85CF-E16DDC65B557}.Debug|Win32.Build.0 = Debug|Win32
		{C983D5AF-4463-42D9-85CF-E16DDC65B557}.Release|Win32.ActiveCfg = Release|Win32
		{C983D5AF-4463-42D9-85CF-E16DDC65B557}.Release|Win32.Build.0 = Release|Win32
		{E7E178B8-2792-48FC-9BEE-1ED2B00273E8}.Debug|Win32.ActiveCfg = Debug|Win32
		{E7E178B8-2792-48FC-9BEE-1ED2B00273E8}.Debug|Win32.Build.0 = Debug|Win32
		{E7E178B8-2792-48FC-9BEE-1ED2B00273E8}.Release|Win32.ActiveCfg = Release|Win32
		{E7E178B8-2792-48FC-9BEE-1ED2B00273E8}.Release|Win32.Build.0 = Release|Win32
		{4371FE81-1446-4B68-93D4-25146C19C6E2}.Debug|Win32.ActiveCfg = Debug|Win32
		{4371FE81-1446-4B68-93D4-25146C19C6E2}.Debug|Win32.Build.0 = Debug|Win32
		{4371FE81-1446-4B68-93D4-25146C19C6E2}.Release|Win32.ActiveCfg = Release|Win32
		{4371FE81-1446-4B68-93D4-25146C19C6E2}.Release|Win32.Build.0 = Release|Win32
		{DD48B32F-E5C4-427E-8DF4-D05118DB5BD8}.Debug|Win32.ActiveCfg = Debug|Win32
		{DD48B32F-E5C4-427E-8DF4-D05118DB5BD8}.Debug|Win32.Build.0 = Debug|Win32
		{DD48B32F-E5C4-427E-8DF4-D05118DB5BD8}.Release|Win32.ActiveCfg = Release|Win32
		{DD48B32F-E5C4-427E-8DF4-D05118DB5BD8}.Release|Win32.Build.0 = Release|Win32
		{C95525F8-4561-4BDC-BE60-FE5D1F38F165}.Debug|Win32.ActiveCfg = Debug|Win32
		{C95525F8-4561-4BDC-BE60-FE5D1F38F165}.Debug|Win32.Build.0 = Debug|Win32
		{C95525F8-4561-4BDC-BE60-FE5D1F38F165}.Release|Win32.ActiveCfg = Release|Win32
		{C95525F8-4561-4BDC-BE60-FE5D1F38F165}.Release|Win32.Build.0 = Release|Win32
		{6D6C1A2D-B418-453D-8E8A-0153A02D128C}.Debug|Win32.ActiveCfg = Debug|Win32
		{6D6C1A2D-B418-453D-8E8A-0153A02D128C}.Debug|Win32.Build.0 = Debug|Win32
		{6D6C1A2D-B418-453D-8E8A-0153A02D128C}.Release|Win32.ActiveCfg = Release|Win32
		{6D6C1A2D-B418-453D-8E8A-0153A02D128C}.Release|Win32.Build.0 = Release|Win32
		{10921C1D-12F0-4A3D-808D-381C570A04CE}.Debug|Win32.ActiveCfg = Debug|Win32
		{10921C1D-12F0-4A3D-808D-381C570A04CE}.Debug|Win32.Build.0 = Debug|Win32
		{10921C1D-12F0-4A3D-808D-381C570A04CE}.Release|Win32.ActiveCfg = Release|Win32
		{10921C1D-12F0-4A3D-808D-381C570A04CE}.Release|Win32.Build.0 = Release|Win32
		{18B908E4-C15F-4042-9C0C-14ACB6F0E9D6}.Debug|Win32.ActiveCfg = Debug|Win32
		{18B908E4-C15F-4042-9C0C-14ACB6F0E9D6}.Debug|Win32.Build.0 = Debug|Win32
		{18B908E4-C15F-4042-9C0C-14ACB6F0E9D6}.Release|Win32.ActiveCfg = Release|Win32
		{18B908E4-C15F-4042-9C0C-14ACB6F0E9D6}.Release|Win32.Build.0 = Release|Win32
		{A949C72A-8EE7-4426-BF01-8EA47E94E42D}.Debug|Win32.ActiveCfg = Debug|Win32
		{A949C72A-8EE7-4426-BF01-8EA47E94E42D}.Debug|Win32.Build.0 = Debug|Win32
		{A949C72A-8EE7-4426-BF01-8EA47E94E42D}.Release|Win32.ActiveCfg = Release|Win32
		{A949C72A-8EE7-4426-BF01-8EA47E94E42D}.Release|Win32.Build.0 = Release|Win32
		{624CD1D8-E227-47B1-BD1D-8EDFE32C65C2}.Debug|Win32.ActiveCfg = Debug|Win32
		{624CD1D8-E227-47B1-BD1D-8EDFE32C65C2}.Debug|Win32.Build.0 = Debug|Win32
		{624CD1D8-E227-47B1-BD1D-8EDFE32C65C2}.Release|Win32.ActiveCfg = Release|Win32
		{624CD1D8-E227-47B1-BD1D-8EDFE32C65C2}.Release|Win32.Build.0 = Release|Win32
		{3424B9A2-59D9-444E-8C5E-F5B17760E179}.Debug|Win32.ActiveCfg = Debug|Win32
		{3424B9A2-59D9-444E-8C5E-F5B17760E179}.Debug|Win32.Build.0 = Debug|Win32
		{3424B9A2-59D9-444E-8C5E-F5B17760E179}.Release|Win32.ActiveCfg = Release|Win32
		{3424B9A2-59D9-444E-8C5E-F5B17760E179}.Release|Win32.Build.0 = Release|Win32
		{E3433F6E-EA6B-4F32-8857-E7987D3CD383}.Debug|Win32.ActiveCfg = Debug|Win32
		{E3433F6E-EA6B-4F32-8857-E7987D3CD383}.Debug|Win32.Build.0 = Debug|Win32
		{E3433F6E-EA6B-4F32-8857-E7987D3CD383}.Release|Win32.ActiveCfg = Release|Win32
		{E3433F6E-EA6B-4F32-8857-E7987D3CD383}.Release|Win32.Build.0 = Release|Win32
		{F3E8EFF6-EE66-4512-BA15-7F6E649F9770}.Debug|Win32.ActiveCfg = Debug|Win32
		{F3E8EFF6-EE66-4512-BA15-7F6E649F9770}.Debug|Win32.Build.0 = Debug|Win32
		{F3E8EFF6-EE66-4512-BA15-7F6E649F9770}.Release|Win32.ActiveCfg = Release|Win32
		{F3E8EFF6-EE66-4512-BA15-7F6E649F9770}.Release|Win32.Build.0 = Release|Win32
		{1F833876-90D3-4AF0-B1EE-7DC33911322D}.Debug|Win32.ActiveCfg = Debug|Win32
		{1F833876-90D3-4AF0-B1EE-7DC33911322D}.Debug|Win32.Build.0 = Debug|Win32
		{1F833876-90D3-4AF0-B1EE-7DC33911322D}.Release|Win32.ActiveCfg = Release|Win32
		{1F833876-90D3-4AF0-B1EE-7DC33911322D}.Release|Win32.Build.0 = Release|Win32
		{807A69B1-87BC-4A46-96A4-34B6B425F274}.Debug|Win32.ActiveCfg = Debug|Win32
		{807A69B1-87BC-4A46-96A4-34B6B425F274}.Debug|Win32.Build.0 = Debug|Win32
		{807A69B1-87BC-4A46-96A4-34B6B425F274}.Release|Win32.ActiveCfg = Release|Win32
		{807A69B1-87BC-4A46-96A4-34B6B425F274}.Release|Win32.Build.0 = Release|Win32
		{19DD6400-A3B1-4443-93E9-EC190B9A0922}.Debug|Win32.ActiveCfg = Debug|Win32
		{19DD6400-A3B1-4443-93E9-EC190B9A0922}.Debug|Win32.Build.0 = Debug|Win32
		{19DD6400-A3B1-4443-93E9-EC190B9A0922}.Release|Win32.ActiveCfg = Release|Win32
		{19DD6400-A3B1-4443-93E9-EC190B9A0922}.Release|Win32.Build.0 = Release|Win32
		{68C0985E-46CE-4E6E-865F-BBD882CC57F2}.Debug|Win32.ActiveCfg = Debug|Win32
		{68C0985E-46CE-4E6E-865F-BBD882CC57F2}.Debug|Win32.Build.0 = Debug|Win32
		{68C0985E-46CE-4E6E-865F-BBD882CC57F2}.Release|Win32.ActiveCfg = Release|Win32
		{68C0985E-46CE-4E6E-865F-BBD882CC57F2}.Release|Win32.Build.0 = Release|Win32
		{0F886DEB-519E-43F8-B720-4F0BA0A8EDA1}.Debug|Win32.ActiveCfg = Debug|Win32
		{0F886DEB-519E-43F8-B720-4F0BA0A8EDA1}.Debug|Win32.Build.0 = Debug|Win32
		{0F886DEB-519E-43F8-B720-4F0BA0A8EDA1}.Release|Win32.ActiveCfg = Release|Win32
		{0F886DEB-519E-43F8-B720-4F0BA0A8EDA1}.Release|Win32.Build.0 = Release|Win32
		{FB5126EA-39F8-4E09-A859-E9EEE59E7159}.Debug|Win32.ActiveCfg = Debug|Win32
		{FB5126EA-39F8-4E09-A859-E9EEE59E7159}.Debug|Win32.Build.0 = Debug|Win32
		{FB5126EA-39F8-4E09-A859-E9EEE59E7159}.Release|Win32.ActiveCfg = Release|Win32
		{FB5126EA-39F8-4E09-A859-E9EEE59E7159}.Release|Win32.Build.0 = Release|Win32
		{51F814D5-34A1-4ADE-9FAB-967D540F9A90}.Debug|Win32.ActiveCfg = Debug|Win32
		{51F814D5-34A1-4ADE-9FAB-967D540F9A90}.Debug|Win32.Build.0 = Debug|Win32
		{51F814D5-34A1-4ADE-9FAB-967D540F9A90}.Release|Win32.ActiveCfg = Release|Win32
		{51F814D5-34A1-4ADE-9FAB-967D540F9A90}.Release|Win32.Build.0 = Release|Win32
		{B5B1D694-ACC9-41EF-B23F-07855F94B99F}.Debug|Win32.ActiveCfg = Debug|Win32
		{B5B1D694-ACC9-41EF-B23F-07855F94B99F}.Debug|Win32.Build.0 = Debug|Win32
		{B5B1D694-ACC9-41EF-B23F-07855F94B99F}.Release|Win32.ActiveCfg = Release|Win32
		{B5B1D694-ACC9-41EF-B23F-07855F94B99F}.Release|Win32.Build.0 = Release|Win32
		{5E0CFC08-897A-4C0D-B659-74CAC2383FB3}.Debug|Win32.ActiveCfg = Debug|Win32
		{5E0CFC08-897A-4C0D-B659-74CAC2383FB3}.Debug|Win32.Build.0 = Debug|Win32
		{5E0CFC08-897A-4C0D-B659-74CAC2383FB3}.Release|Win32.ActiveCfg = Release|Win32
		{5E0CFC08-897A-4C0D-B659-74CAC2383FB3}.Release|Win32.Build.0 = Release|Win32
		{D0029725-67B9-4426-BE73-3F888A079C85}.Debug|Win32.ActiveCfg = Debug|Win32
		{D0029725-67B9-4426-BE73-3F888A079C85}.Debug|Win32.Build.0 = Debug|Win32
		{D0029725-67B9-4426-BE73-3F888A079C85}.Release|Win32.ActiveCfg = Release|Win32
		{D0029725-67B9-4426-BE73-3F888A079C85}.Release|Win32.Build.0 = Release|Win32
		{6AA25729-3AB8-4A6B-87BC-D131A2F8A09A}.Debug|Win32.ActiveCfg = Debug|Win32
		{6AA25729-3AB8-4A6B-87BC-D131A2F8A09A}.Debug|Win32.Build.0 = Debug|Win32
		{6AA25729-3AB8-4A6B-87BC-D131A2F8A09A}.Release|Win32.ActiveCfg = Release|Win32
		{6AA25729-3AB8-4A6B-87BC-D131A2F8A09A}.Release|Win32.Build.0 = Release|Win32
		{A29445A5-E8E0-4436-A0B4-CDEA0E36FFB8}.Debug|Win32.ActiveCfg = Debug|Win32
		{A29445A5-E8E0-4436-A0B4-CDEA0E36FFB8}.Debug|Win32.Build.0 = Debug|Win32
		{A29445A5-E8E0-4436-A0B4-CDEA0E36FFB8}.Release|Win32.ActiveCfg = Release|Win32
		{A29445A5-E8E0-4436-A0B4-CDEA0E36FFB8}.Release|Win32.Build.0 = Release|Win32
		{72148F01-345F-4550-BBD1-1B48F805F2DC}.Debug|Win32.ActiveCfg = Debug|Win32
		{72148F01-345F-4550-BBD1-1B48F805F2DC}.Debug|Win32.Build.0 = Debug|Win32
		{72148F01-345F-4550-BBD1-1B48F805F2DC}.Release|Win32.ActiveCfg = Release|Win32
		{72148F01-345F-4550-BBD1-1B48F805F2DC}.Release|Win32.Build.0 = Release|Win32
		{6762EDC1-A152-41CA-9E12-AE726EFEB688}.Debug|Win32.ActiveCfg = Debug|Win32
		{6762EDC1-A152-41CA-9E12-AE726EFEB688}.Debug|Win32.Build.0 = Debug|Win32
		{6762EDC1-A152-41CA-9E12-AE726EFEB688}.Release|Win32.ActiveCfg = Release|Win32
		{6762EDC1-A152-41CA-9E12-AE726EFEB688}.Release|Win32.Build.0 = Release|Win32
		{D51D9673-A3E7-4021-AE66-FE309D1419A3}.Debug|Win32.ActiveCfg = Debug|Win32
		{D51D9673-A3E7-4021-AE66-FE309D1419A3}.Debug|Win32.Build.0 = Debug|Win32
		{D51D9673-A3E7-4021-AE66-FE309D1419A3}.Release|Win32.ActiveCfg = Release|Win32
		{D51D9673-A3E7-4021-AE66-FE309D1419A3}.Release|Win32.Build.0 = Release|Win32
		{9F276CBB-7464-4E1A-9ABF-0835A34E207E}.Debug|Win32.ActiveCfg = Debug|Win32
		{9F276CBB-7464-4E1A-9ABF-0835A34E207E}.Debug|Win32.Build.0 = Debug|Win32
		{9F276CBB-7464-4E1A-9ABF-0835A34E207E}.Release|Win32.ActiveCfg = Release|Win32
		{9F276CBB-7464-4E1A-9ABF-0835A34E207E}.Release|Win32.Build.0 = Release|Win32
		{71832647-CFAF-4FD4-A14A-A6D33AB2F62F}.Debug|Win32.ActiveCfg = Debug|Win32
		{71832647-CFAF-4FD4-A14A-A6D33AB2F62F}.Debug|Win32.Build.0 = Debug|Win32
		{71832647-CFAF-4FD4-A14A-A6D33AB2F62F}.Release|Win32.ActiveCfg = Release|Win32
		{71832647-CFAF-4FD4-A14A-A6D33AB2F62F}.Release|Win32.Build.0 = Release|Win32
		{63A6E3D8-293B-4F19-9472-CBBFB440AA09}.Debug|Win32.ActiveCfg = Debug|Win32
		{63A6E3D8-293B-4F19-9472-CBBFB440AA09}.Debug|Win32.Build.0 = Debug|Win32
		{63A6E3D8-293B-4F19-9472-CBBFB440AA09}.Release|Win32.ActiveCfg = Release|Win32
		{63A6E3D8-293B-4F19-9472-CBBFB440AA09}.Release|Win32.Build.0 = Release|Win32
		{1E3F99DB-1A6F-4BC9-8D07-C1126ED4249E}.Debug|Win32.ActiveCfg = Debug|Win32
		{1E3F99DB-1A6F-4BC9-8D07-C1126ED4249E}.Debug|Win32.Build.0 = Debug|Win32
		{1E3F99DB-1A6F-4BC9-8D07-C1126ED4249E}.Release|Win32.ActiveCfg = Release|Win32
		{1E3F99DB-1A6F-4BC9-8D07-C1126ED4249E}.Release|Win32.Build.0 = Release|Win32
		{048BFDBF-6DFC-426A-814B-32B4139139E8}.Debug|Win32.ActiveCfg = Debug|Win32
		{048BFDBF-6DFC-426A-814B-32B4139139E8}.Debug|Win32.Build.0 = Debug|Win32
		{048BFDBF-6DFC-426A-814B-32B4139139E8}.Release|Win32.ActiveCfg = Release|Win32
		{048BFDBF-6DFC-426A-814B-32B4139139E8}.Release|Win32.Build.0 = Release|Win32
		{D99EB715-D96F-4CA7-A9DA-E12D40A7B7E7}.Debug|Win32.ActiveCfg = Debug|Win32
		{D99EB715-D96F-4CA7-A9DA-E12D40A7B7E7}.Debug|Win32.Build.0 = Debug|Win32
		{D99EB715-D96F-4CA7-A9DA-E12D40A7B7E7}.Release|Win32.ActiveCfg = Release|Win32
		{D99EB715-D96F-4CA7-A9DA-E12D40A7B7E7}.Release|Win32.Build.0 = Release|Win32
		{A26D7FED-343A-44F1-96D8-43CEE01F5E2D}.Debug|Win32.ActiveCfg = Debug|Win32
		{A26D7FED-343A-44F1-96D8-43CEE01F5E2D}.Debug|Win32.Build.0 = Debug|Win32
		{A26D7FED-343A-44F1-96D8-43CEE01F5E2D}.Release|Win32.ActiveCfg = Release|Win32
		{A26D7FED-343A-44F1-96D8-43CEE01F5E2D}.Release|Win32.Build.0 = Release|Win32
		{22D6D7EE-92DA-4E7E-B42F-B61FC5D745FF}.Debug|Win32.ActiveCfg = Debug|Win32
		{22D6D7EE-92DA-4E7E-B42F-B61FC5D745FF}.Debug|Win32.Build.0 = Debug|Win32
		{22D6D7EE-92DA-4E7E-B42F-B61FC5D745FF}.Release|Win32.ActiveCfg = Release|Win32
		{22D6D7EE-92DA-4E7E-B42F-B61FC5D745FF}.Release|Win32.Build.0 = Release|Win32
		{68006AB0-8849-4A4C-B8CE-6A9C2D7B8EF1}.Debug|Win32.ActiveCfg = Debug|Win32
		{68006AB0-8849-4A4C-B8CE-6A9C2D7B8EF1}.Debug|Win32.Build.0 = Debug|Win32
		{68006AB0-8849-4A4C-B8CE-6A9C2D7B8EF1}.Release|Win32.ActiveCfg = Release|Win32
		{68006AB0-8849-4A4C-B8CE-6A9C2D7B8EF1}.Release|Win32.Build.0 = Release|Win32
		{CF8FF355-1417-4695-A43D-ECC7C8F830F8}.Debug|Win32.ActiveCfg = Debug|Win32
		{CF8FF355-1417-4695-A43D-ECC7C8F830F8}.Debug|Win32.Build.0 = Debug|Win32
		{CF8FF355-1417-4695-A43D-ECC7C8F830F8}.Release|Win32.ActiveCfg = Release|Win32
		{CF8FF355-1417-4695-A43D-ECC7C8F830F8}.Release|Win32.Build.0 = Release|Win32
		{ACD8690B-6BB4-4D61-AF29-4E657A1355C0}.Debug|Win32.ActiveCfg = Debug|Win32
		{ACD8690B-6BB4-4D61-AF29-4E657A1355C0}.Debug|Win32.Build.0 = Debug|Win32
		{ACD8690B-6BB4-4D61-AF29-4E657A1355C0}.Release|Win32.ActiveCfg = Release|Win32
		{ACD8690B-6BB4-4D61-AF29-4E657A1355C0}.Release|Win32.Build.0 = Release|Win32
		{EB307A34-9EA8-42AC-89CA-981C84BE4CFB}.Debug|Win32.ActiveCfg = Debug|Win32
		{EB307A34-9EA8-42AC-89CA-981C84BE4CFB}.Debug|Win32.Build.0 = Debug|Win32
		{EB307A34-9EA8-42AC-89CA-981C84BE4CFB}.Release|Win32.ActiveCfg = Release|Win32
		{EB307A34-9EA8-42AC-89CA-981C84BE4CFB}.Release|Win32.Build.0 = Release|Win32
		{8A2934C9-BAA2-4638-99CA-4BC43BCF20D6}.Debug|Win32.ActiveCfg = Debug|Win32
		{8A2934C9-BAA2-4638-99CA-4BC43BCF20D6}.Debug|Win32.Build.0 = Debug|Win32
		{8A2934C9-BAA2-4638-99CA-4BC43BCF20D6}.Release|Win32.ActiveCfg = Release|Win32
		{8A2934C9-BAA2-4638-99CA-4BC43BCF20D6}.Release|Win32.Build.0 = Release|Win32
	EndGlobalSection
	GlobalSection(SolutionProperties) = preSolution
		HideSolutionNode = FALSE
	EndGlobalSection
EndGlobal
