<?xml version="1.0" encoding="utf-8"?>
<Project ToolsVersion="4.0" xmlns="http://schemas.microsoft.com/developer/msbuild/2003">
  <ItemGroup>
    <Filter Include="头文件">
      <UniqueIdentifier>{93995380-89BD-4b04-88EB-625FBE52EBFB}</UniqueIdentifier>
      <Extensions>h;hh;hpp;hxx;hm;inl;inc;xsd</Extensions>
    </Filter>
    <Filter Include="资源文件">
      <UniqueIdentifier>{67DA6AB6-F800-4c08-8B7A-83BB121AAD01}</UniqueIdentifier>
      <Extensions>rc;ico;cur;bmp;dlg;rc2;rct;bin;rgs;gif;jpg;jpeg;jpe;resx;tiff;tif;png;wav;mfcribbon-ms</Extensions>
    </Filter>
    <Filter Include="数组排序">
      <UniqueIdentifier>{f2275b4e-180c-48a8-9c2c-91c889735294}</UniqueIdentifier>
    </Filter>
    <Filter Include="后缀树与后缀树组">
      <UniqueIdentifier>{07697d7c-794a-418e-b23f-c7553c80e407}</UniqueIdentifier>
    </Filter>
    <Filter Include="Graph Related">
      <UniqueIdentifier>{4FC737F1-C7A5-4376-A066-2A32D752A2FF}</UniqueIdentifier>
      <Extensions>cpp;c;cc;cxx;def;odl;idl;hpj;bat;asm;asmx</Extensions>
    </Filter>
    <Filter Include="NP Problem">
      <UniqueIdentifier>{11d7cbba-95f5-4efd-9dff-a2990dab3fcd}</UniqueIdentifier>
    </Filter>
    <Filter Include="海量数据处理">
      <UniqueIdentifier>{3bb43f9f-7d07-4a73-bd38-1f85ed030880}</UniqueIdentifier>
    </Filter>
    <Filter Include="知识型题目">
      <UniqueIdentifier>{f5bab50d-8589-4f83-9bf4-fefd0f0c1472}</UniqueIdentifier>
    </Filter>
    <Filter Include="MultiThread">
      <UniqueIdentifier>{09155053-8e1f-4c37-bf6a-36cf34fc4033}</UniqueIdentifier>
    </Filter>
    <Filter Include="Graph Related\结点的最大最小距离">
      <UniqueIdentifier>{1fba7d48-7c2d-4fe4-8ee6-826f46e50e99}</UniqueIdentifier>
    </Filter>
    <Filter Include="Graph Related\二分图的最大和最佳匹配">
      <UniqueIdentifier>{e58da47e-7717-4386-9ddc-887d9036c701}</UniqueIdentifier>
    </Filter>
    <Filter Include="几何学 - Geometry Problems">
      <UniqueIdentifier>{772f0fa9-77fe-419d-9069-453186695333}</UniqueIdentifier>
    </Filter>
    <Filter Include="Graph Related\欧拉路径">
      <UniqueIdentifier>{6f5c0a6c-5dde-4613-ae73-7efc860887f7}</UniqueIdentifier>
    </Filter>
    <Filter Include="System Design">
      <UniqueIdentifier>{c3529051-9a98-458c-bf98-e36c722988af}</UniqueIdentifier>
    </Filter>
  </ItemGroup>
  <ItemGroup>
    <Text Include="ReadMe.txt" />
    <Text Include="..\Document - Multithread\MMU的工作原理.txt">
      <Filter>MultiThread</Filter>
    </Text>
    <Text Include="..\Document - Multithread\mutex实现.txt">
      <Filter>MultiThread</Filter>
    </Text>
    <Text Include="二分图最佳匹配\无权二分图的最大匹配和最佳匹配.txt">
      <Filter>Graph Related\二分图的最大和最佳匹配</Filter>
    </Text>
    <Text Include="..\Document - 几何学 - Geometry Problems\Geometry Problems - dot product and cross product.txt">
      <Filter>几何学 - Geometry Problems</Filter>
    </Text>
    <Text Include="欧拉路径与欧拉环\欧拉路径与欧拉环.txt">
      <Filter>Graph Related\欧拉路径</Filter>
    </Text>
  </ItemGroup>
  <ItemGroup>
    <ClInclude Include="stdafx.h">
      <Filter>头文件</Filter>
    </ClInclude>
    <ClInclude Include="targetver.h">
      <Filter>头文件</Filter>
    </ClInclude>
    <ClInclude Include="ReadWriteLock.h">
      <Filter>头文件</Filter>
    </ClInclude>
  </ItemGroup>
  <ItemGroup>
    <ClCompile Include="stdafx.cpp">
      <Filter>Graph Related</Filter>
    </ClCompile>
    <ClCompile Include="Document - Graph.cpp">
      <Filter>Graph Related</Filter>
    </ClCompile>
    <ClCompile Include="ReadWriteLock Implementation.h">
      <Filter>MultiThread</Filter>
    </ClCompile>
    <ClCompile Include="欧拉路径与欧拉环\Eulerian_Cycle.cpp">
      <Filter>Graph Related\欧拉路径</Filter>
    </ClCompile>
    <ClCompile Include="欧拉路径与欧拉环\Eulerian_Path.cpp">
      <Filter>Graph Related\欧拉路径</Filter>
    </ClCompile>
  </ItemGroup>
  <ItemGroup>
    <None Include="图中的距离\图中结点的最短距离汇总.docx">
      <Filter>Graph Related\结点的最大最小距离</Filter>
    </None>
    <None Include="图中的距离\图中结点的最长距离汇总 .docx">
      <Filter>Graph Related\结点的最大最小距离</Filter>
    </None>
    <None Include="..\ArraySorting\数组排序总结.docx">
      <Filter>数组排序</Filter>
    </None>
    <None Include="..\Document - Suffix Tree and Suffix Array\Suffix Tree and Suffix Array.docx">
      <Filter>后缀树与后缀树组</Filter>
    </None>
    <None Include="..\ArraySorting\Implementation Problems in Quick Sort.docx">
      <Filter>数组排序</Filter>
    </None>
    <None Include="..\Document - NP Problem\NP问题的解释.docx">
      <Filter>NP Problem</Filter>
    </None>
    <None Include="..\Document - 海量数据处理\十七道海量数据处理面试题与Bit.docx">
      <Filter>海量数据处理</Filter>
    </None>
    <None Include="..\Document - 海量数据处理\教你如何迅速秒杀掉.docx">
      <Filter>海量数据处理</Filter>
    </None>
    <None Include="..\Document - 海量数据处理\海量数据处理.docx">
      <Filter>海量数据处理</Filter>
    </None>
    <None Include="..\Document - URL Navigate\What really happens when you navigate to a URL.docx">
      <Filter>知识型题目</Filter>
    </None>
    <None Include="..\Document - Multithread\Introduction to cocurrency.docx">
      <Filter>MultiThread</Filter>
    </None>
    <None Include="..\Document - Multithread\threads management on multi-cores.pdf">
      <Filter>MultiThread</Filter>
    </None>
    <None Include="..\Document - Multithread\semaphore 实现机制.docx">
      <Filter>MultiThread</Filter>
    </None>
    <None Include="..\Document - Multithread\win32下进程间通信.docx">
      <Filter>MultiThread</Filter>
    </None>
    <None Include="..\Document - Multithread\内存管理.docx">
      <Filter>MultiThread</Filter>
    </None>
    <None Include="..\Document - Multithread\自旋锁和排队自旋锁.docx">
      <Filter>MultiThread</Filter>
    </None>
    <None Include="..\Document - Multithread\Deadlocks.docx">
      <Filter>MultiThread</Filter>
    </None>
    <None Include="二分图最佳匹配\带权二分图的最佳匹配算法.docx">
      <Filter>Graph Related\二分图的最大和最佳匹配</Filter>
    </None>
    <None Include="..\Document - System Design\System Design\OOP.one">
      <Filter>System Design</Filter>
    </None>
    <None Include="..\Document - System Design\System Design\Scalable Web Service.one">
      <Filter>System Design</Filter>
    </None>
    <None Include="..\Document - System Design\System Design\打开笔记本.onetoc2">
      <Filter>System Design</Filter>
    </None>
  </ItemGroup>
  <ItemGroup>
    <Image Include="欧拉路径与欧拉环\Eulerian_Path.png">
      <Filter>Graph Related\欧拉路径</Filter>
    </Image>
    <Image Include="欧拉路径与欧拉环\Eulerian_Cycle.png">
      <Filter>Graph Related\欧拉路径</Filter>
    </Image>
  </ItemGroup>
</Project>